// !$*UTF8*$!
{
	archiveVersion = 1;
	classes = {
	};
	objectVersion = 46;
	objects = {

/* Begin PBXBuildFile section */
		ACBF36ECF20473CBC6C31204 /* Pods.framework in Frameworks */ = {isa = PBXBuildFile; fileRef = 74043735D10AA6FA685FEFA9 /* Pods.framework */; };
		BA1C97791C26D85500016DB5 /* WishesViewController.swift in Sources */ = {isa = PBXBuildFile; fileRef = BA1C97781C26D85500016DB5 /* WishesViewController.swift */; };
		BA1C977B1C26DB1000016DB5 /* WishesCell.swift in Sources */ = {isa = PBXBuildFile; fileRef = BA1C977A1C26DB1000016DB5 /* WishesCell.swift */; };
		BA1C97891C26EBCF00016DB5 /* VerifyIosSdk.framework in Frameworks */ = {isa = PBXBuildFile; fileRef = BA1C97841C26EBC200016DB5 /* VerifyIosSdk.framework */; };
		BA1C978A1C26EBCF00016DB5 /* VerifyIosSdk.framework in Embed Frameworks */ = {isa = PBXBuildFile; fileRef = BA1C97841C26EBC200016DB5 /* VerifyIosSdk.framework */; settings = {ATTRIBUTES = (CodeSignOnCopy, RemoveHeadersOnCopy, ); }; };
		BA1C978D1C26EBCF00016DB5 /* RequestSigning.framework in Frameworks */ = {isa = PBXBuildFile; fileRef = BA1C97861C26EBC200016DB5 /* RequestSigning.framework */; };
		BA1C978E1C26EBCF00016DB5 /* RequestSigning.framework in Embed Frameworks */ = {isa = PBXBuildFile; fileRef = BA1C97861C26EBC200016DB5 /* RequestSigning.framework */; settings = {ATTRIBUTES = (CodeSignOnCopy, RemoveHeadersOnCopy, ); }; };
		BA1C97911C26EBCF00016DB5 /* DeviceProperties.framework in Frameworks */ = {isa = PBXBuildFile; fileRef = BA1C97881C26EBC200016DB5 /* DeviceProperties.framework */; };
		BA1C97921C26EBCF00016DB5 /* DeviceProperties.framework in Embed Frameworks */ = {isa = PBXBuildFile; fileRef = BA1C97881C26EBC200016DB5 /* DeviceProperties.framework */; settings = {ATTRIBUTES = (CodeSignOnCopy, RemoveHeadersOnCopy, ); }; };
		BA27962F1C19D773000C31C1 /* EZSwipeController.swift in Sources */ = {isa = PBXBuildFile; fileRef = BA27962E1C19D773000C31C1 /* EZSwipeController.swift */; };
		BA2796311C19D7BC000C31C1 /* MySwipeVC.swift in Sources */ = {isa = PBXBuildFile; fileRef = BA2796301C19D7BC000C31C1 /* MySwipeVC.swift */; };
		BA2796361C1A0AD1000C31C1 /* ProfileViewController.swift in Sources */ = {isa = PBXBuildFile; fileRef = BA2796351C1A0AD1000C31C1 /* ProfileViewController.swift */; };
		BADD306D1C25531400C587E6 /* ImageViewer.swift in Sources */ = {isa = PBXBuildFile; fileRef = BADD306C1C25531400C587E6 /* ImageViewer.swift */; };
		FF01A6FA1B8980E800F54273 /* AppDelegate.swift in Sources */ = {isa = PBXBuildFile; fileRef = FF01A6F91B8980E800F54273 /* AppDelegate.swift */; };
		FF01A7021B8980E800F54273 /* Genie.xcdatamodeld in Sources */ = {isa = PBXBuildFile; fileRef = FF01A7001B8980E800F54273 /* Genie.xcdatamodeld */; };
		FF01A7041B8980E800F54273 /* Assets.xcassets in Resources */ = {isa = PBXBuildFile; fileRef = FF01A7031B8980E800F54273 /* Assets.xcassets */; };
		FF01A7071B8980E800F54273 /* LaunchScreen.storyboard in Resources */ = {isa = PBXBuildFile; fileRef = FF01A7051B8980E800F54273 /* LaunchScreen.storyboard */; };
		FF01A7121B8980E800F54273 /* GenieTests.swift in Sources */ = {isa = PBXBuildFile; fileRef = FF01A7111B8980E800F54273 /* GenieTests.swift */; };
		FF01A71D1B8980E800F54273 /* GenieUITests.swift in Sources */ = {isa = PBXBuildFile; fileRef = FF01A71C1B8980E800F54273 /* GenieUITests.swift */; };
		FF1C4FF91C24F9110095FB27 /* booking@1x.png in Resources */ = {isa = PBXBuildFile; fileRef = FF1C4FE71C24F9110095FB27 /* booking@1x.png */; };
		FF1C4FFA1C24F9110095FB27 /* booking@2x.png in Resources */ = {isa = PBXBuildFile; fileRef = FF1C4FE81C24F9110095FB27 /* booking@2x.png */; };
		FF1C4FFB1C24F9110095FB27 /* booking@3x.png in Resources */ = {isa = PBXBuildFile; fileRef = FF1C4FE91C24F9110095FB27 /* booking@3x.png */; };
		FF1C4FFC1C24F9110095FB27 /* food@1x.png in Resources */ = {isa = PBXBuildFile; fileRef = FF1C4FEA1C24F9110095FB27 /* food@1x.png */; };
		FF1C4FFD1C24F9110095FB27 /* food@2x.png in Resources */ = {isa = PBXBuildFile; fileRef = FF1C4FEB1C24F9110095FB27 /* food@2x.png */; };
		FF1C4FFE1C24F9110095FB27 /* food@3x.png in Resources */ = {isa = PBXBuildFile; fileRef = FF1C4FEC1C24F9110095FB27 /* food@3x.png */; };
		FF1C4FFF1C24F9110095FB27 /* health@1x.png in Resources */ = {isa = PBXBuildFile; fileRef = FF1C4FED1C24F9110095FB27 /* health@1x.png */; };
		FF1C50001C24F9110095FB27 /* health@2x.png in Resources */ = {isa = PBXBuildFile; fileRef = FF1C4FEE1C24F9110095FB27 /* health@2x.png */; };
		FF1C50011C24F9110095FB27 /* health@3x.png in Resources */ = {isa = PBXBuildFile; fileRef = FF1C4FEF1C24F9110095FB27 /* health@3x.png */; };
		FF1C50111C24FBCA0095FB27 /* signin@1x.png in Resources */ = {isa = PBXBuildFile; fileRef = FF1C500B1C24FBCA0095FB27 /* signin@1x.png */; };
		FF1C50121C24FBCA0095FB27 /* signin@2x.png in Resources */ = {isa = PBXBuildFile; fileRef = FF1C500C1C24FBCA0095FB27 /* signin@2x.png */; };
		FF1C50131C24FBCA0095FB27 /* signin@3x.png in Resources */ = {isa = PBXBuildFile; fileRef = FF1C500D1C24FBCA0095FB27 /* signin@3x.png */; };
		FF1C50141C24FBCA0095FB27 /* signup@1x.png in Resources */ = {isa = PBXBuildFile; fileRef = FF1C500E1C24FBCA0095FB27 /* signup@1x.png */; };
		FF1C50151C24FBCA0095FB27 /* signup@2x.png in Resources */ = {isa = PBXBuildFile; fileRef = FF1C500F1C24FBCA0095FB27 /* signup@2x.png */; };
		FF1C50161C24FBCA0095FB27 /* signup@3x.png in Resources */ = {isa = PBXBuildFile; fileRef = FF1C50101C24FBCA0095FB27 /* signup@3x.png */; };
		FF1C501A1C24FFFC0095FB27 /* cancel@1x.png in Resources */ = {isa = PBXBuildFile; fileRef = FF1C50171C24FFFC0095FB27 /* cancel@1x.png */; };
		FF1C501B1C24FFFC0095FB27 /* cancel@2x.png in Resources */ = {isa = PBXBuildFile; fileRef = FF1C50181C24FFFC0095FB27 /* cancel@2x.png */; };
		FF1C501C1C24FFFC0095FB27 /* cancel@3x.png in Resources */ = {isa = PBXBuildFile; fileRef = FF1C50191C24FFFC0095FB27 /* cancel@3x.png */; };
		FF3314821B8A52FB008B1B9E /* SF-UI-Display-Black.otf in Resources */ = {isa = PBXBuildFile; fileRef = FF33146D1B8A52E4008B1B9E /* SF-UI-Display-Black.otf */; };
		FF3314831B8A52FE008B1B9E /* SF-UI-Display-Bold.otf in Resources */ = {isa = PBXBuildFile; fileRef = FF33146E1B8A52E4008B1B9E /* SF-UI-Display-Bold.otf */; };
		FF3314841B8A5302008B1B9E /* SF-UI-Display-Heavy.otf in Resources */ = {isa = PBXBuildFile; fileRef = FF33146F1B8A52E4008B1B9E /* SF-UI-Display-Heavy.otf */; };
		FF3314851B8A5304008B1B9E /* SF-UI-Display-Light.otf in Resources */ = {isa = PBXBuildFile; fileRef = FF3314701B8A52E4008B1B9E /* SF-UI-Display-Light.otf */; };
		FF3314861B8A5309008B1B9E /* SF-UI-Display-Medium.otf in Resources */ = {isa = PBXBuildFile; fileRef = FF3314711B8A52E4008B1B9E /* SF-UI-Display-Medium.otf */; };
		FF3314871B8A5309008B1B9E /* SF-UI-Display-Regular.otf in Resources */ = {isa = PBXBuildFile; fileRef = FF3314721B8A52E4008B1B9E /* SF-UI-Display-Regular.otf */; };
		FF3314881B8A5309008B1B9E /* SF-UI-Display-Semibold.otf in Resources */ = {isa = PBXBuildFile; fileRef = FF3314731B8A52E4008B1B9E /* SF-UI-Display-Semibold.otf */; };
		FF3314891B8A5309008B1B9E /* SF-UI-Display-Thin.otf in Resources */ = {isa = PBXBuildFile; fileRef = FF3314741B8A52E4008B1B9E /* SF-UI-Display-Thin.otf */; };
		FF33148A1B8A5309008B1B9E /* SF-UI-Display-Ultralight.otf in Resources */ = {isa = PBXBuildFile; fileRef = FF3314751B8A52E4008B1B9E /* SF-UI-Display-Ultralight.otf */; };
		FF33148B1B8A5309008B1B9E /* SF-UI-Text-Bold.otf in Resources */ = {isa = PBXBuildFile; fileRef = FF3314761B8A52E4008B1B9E /* SF-UI-Text-Bold.otf */; };
		FF33148C1B8A5309008B1B9E /* SF-UI-Text-BoldItalic.otf in Resources */ = {isa = PBXBuildFile; fileRef = FF3314771B8A52E4008B1B9E /* SF-UI-Text-BoldItalic.otf */; };
		FF33148D1B8A5309008B1B9E /* SF-UI-Text-Heavy.otf in Resources */ = {isa = PBXBuildFile; fileRef = FF3314781B8A52E4008B1B9E /* SF-UI-Text-Heavy.otf */; };
		FF33148E1B8A5309008B1B9E /* SF-UI-Text-HeavyItalic.otf in Resources */ = {isa = PBXBuildFile; fileRef = FF3314791B8A52E4008B1B9E /* SF-UI-Text-HeavyItalic.otf */; };
		FF33148F1B8A5309008B1B9E /* SF-UI-Text-Light.otf in Resources */ = {isa = PBXBuildFile; fileRef = FF33147A1B8A52E4008B1B9E /* SF-UI-Text-Light.otf */; };
		FF3314901B8A5309008B1B9E /* SF-UI-Text-LightItalic.otf in Resources */ = {isa = PBXBuildFile; fileRef = FF33147B1B8A52E4008B1B9E /* SF-UI-Text-LightItalic.otf */; };
		FF3314911B8A5309008B1B9E /* SF-UI-Text-Medium.otf in Resources */ = {isa = PBXBuildFile; fileRef = FF33147C1B8A52E4008B1B9E /* SF-UI-Text-Medium.otf */; };
		FF3314921B8A5309008B1B9E /* SF-UI-Text-MediumItalic.otf in Resources */ = {isa = PBXBuildFile; fileRef = FF33147D1B8A52E4008B1B9E /* SF-UI-Text-MediumItalic.otf */; };
		FF3314931B8A5309008B1B9E /* SF-UI-Text-Regular.otf in Resources */ = {isa = PBXBuildFile; fileRef = FF33147E1B8A52E4008B1B9E /* SF-UI-Text-Regular.otf */; };
		FF3314941B8A5309008B1B9E /* SF-UI-Text-RegularItalic.otf in Resources */ = {isa = PBXBuildFile; fileRef = FF33147F1B8A52E4008B1B9E /* SF-UI-Text-RegularItalic.otf */; };
		FF3314951B8A5309008B1B9E /* SF-UI-Text-Semibold.otf in Resources */ = {isa = PBXBuildFile; fileRef = FF3314801B8A52E4008B1B9E /* SF-UI-Text-Semibold.otf */; };
		FF3314961B8A5309008B1B9E /* SF-UI-Text-SemiboldItalic.otf in Resources */ = {isa = PBXBuildFile; fileRef = FF3314811B8A52E4008B1B9E /* SF-UI-Text-SemiboldItalic.otf */; };
		FF65769F1C1BDAE9008F077B /* EntryViewController.swift in Sources */ = {isa = PBXBuildFile; fileRef = FF65769E1C1BDAE9008F077B /* EntryViewController.swift */; };
		FF68B7A51BA50BF7002E699C /* MobileViewController.swift in Sources */ = {isa = PBXBuildFile; fileRef = FF68B7A41BA50BF7002E699C /* MobileViewController.swift */; };
		FF8EAAE11B8D580E00EE1396 /* Message.swift in Sources */ = {isa = PBXBuildFile; fileRef = FF8EAAE01B8D580E00EE1396 /* Message.swift */; };
		FF8EAAE31B8D752200EE1396 /* Main.storyboard in Resources */ = {isa = PBXBuildFile; fileRef = FF8EAAE21B8D752200EE1396 /* Main.storyboard */; };
		FF91FEC91C2525EF00FEEE1F /* down@1x.png in Resources */ = {isa = PBXBuildFile; fileRef = FF91FEC61C2525EF00FEEE1F /* down@1x.png */; };
		FF91FECA1C2525EF00FEEE1F /* down@2x.png in Resources */ = {isa = PBXBuildFile; fileRef = FF91FEC71C2525EF00FEEE1F /* down@2x.png */; };
		FF91FECB1C2525EF00FEEE1F /* down@3x.png in Resources */ = {isa = PBXBuildFile; fileRef = FF91FEC81C2525EF00FEEE1F /* down@3x.png */; };
		FF91FF0C1C258AC700FEEE1F /* white_cancel@1x.png in Resources */ = {isa = PBXBuildFile; fileRef = FF91FF091C258AC700FEEE1F /* white_cancel@1x.png */; };
		FF91FF0D1C258AC700FEEE1F /* white_cancel@2x.png in Resources */ = {isa = PBXBuildFile; fileRef = FF91FF0A1C258AC700FEEE1F /* white_cancel@2x.png */; };
		FF91FF0E1C258AC700FEEE1F /* white_cancel@3x.png in Resources */ = {isa = PBXBuildFile; fileRef = FF91FF0B1C258AC700FEEE1F /* white_cancel@3x.png */; };
		FF91FF191C259B3600FEEE1F /* circle@1x.png in Resources */ = {isa = PBXBuildFile; fileRef = FF91FF161C259B3600FEEE1F /* circle@1x.png */; };
		FF91FF1A1C259B3600FEEE1F /* circle@2x.png in Resources */ = {isa = PBXBuildFile; fileRef = FF91FF171C259B3600FEEE1F /* circle@2x.png */; };
		FF91FF1B1C259B3600FEEE1F /* circle@3x.png in Resources */ = {isa = PBXBuildFile; fileRef = FF91FF181C259B3600FEEE1F /* circle@3x.png */; };
		FF91FF251C26D4FC00FEEE1F /* home@1x.png in Resources */ = {isa = PBXBuildFile; fileRef = FF91FF221C26D4FC00FEEE1F /* home@1x.png */; };
		FF91FF261C26D4FC00FEEE1F /* home@2x.png in Resources */ = {isa = PBXBuildFile; fileRef = FF91FF231C26D4FC00FEEE1F /* home@2x.png */; };
		FF91FF271C26D4FC00FEEE1F /* home@3x.png in Resources */ = {isa = PBXBuildFile; fileRef = FF91FF241C26D4FC00FEEE1F /* home@3x.png */; };
		FF91FF311C26D50B00FEEE1F /* shopping@1x.png in Resources */ = {isa = PBXBuildFile; fileRef = FF91FF2E1C26D50B00FEEE1F /* shopping@1x.png */; };
		FF91FF321C26D50B00FEEE1F /* shopping@2x.png in Resources */ = {isa = PBXBuildFile; fileRef = FF91FF2F1C26D50B00FEEE1F /* shopping@2x.png */; };
		FF91FF331C26D50B00FEEE1F /* shopping@3x.png in Resources */ = {isa = PBXBuildFile; fileRef = FF91FF301C26D50B00FEEE1F /* shopping@3x.png */; };
		FF91FF371C26D54400FEEE1F /* recharge@1x.png in Resources */ = {isa = PBXBuildFile; fileRef = FF91FF341C26D54400FEEE1F /* recharge@1x.png */; };
		FF91FF381C26D54400FEEE1F /* recharge@2x.png in Resources */ = {isa = PBXBuildFile; fileRef = FF91FF351C26D54400FEEE1F /* recharge@2x.png */; };
		FF91FF391C26D54400FEEE1F /* recharge@3x.png in Resources */ = {isa = PBXBuildFile; fileRef = FF91FF361C26D54400FEEE1F /* recharge@3x.png */; };
		FF9F75EB1B8C062E008CAAD6 /* SignInViewController.swift in Sources */ = {isa = PBXBuildFile; fileRef = FF9F75EA1B8C062E008CAAD6 /* SignInViewController.swift */; };
		FFAFBEC01B8BB7DE008D2A2F /* RegisterViewController.swift in Sources */ = {isa = PBXBuildFile; fileRef = FFAFBEBF1B8BB7DE008D2A2F /* RegisterViewController.swift */; };
		FFB9CFA61C23E4CF00EE83EE /* genie@1x.png in Resources */ = {isa = PBXBuildFile; fileRef = FFB9CFA31C23E4CF00EE83EE /* genie@1x.png */; };
		FFB9CFA71C23E4CF00EE83EE /* genie@2x.png in Resources */ = {isa = PBXBuildFile; fileRef = FFB9CFA41C23E4CF00EE83EE /* genie@2x.png */; };
		FFB9CFA81C23E4CF00EE83EE /* genie@3x.png in Resources */ = {isa = PBXBuildFile; fileRef = FFB9CFA51C23E4CF00EE83EE /* genie@3x.png */; };
		FFB9CFB81C23E50B00EE83EE /* confirm@1x.png in Resources */ = {isa = PBXBuildFile; fileRef = FFB9CFB51C23E50B00EE83EE /* confirm@1x.png */; };
		FFB9CFB91C23E50B00EE83EE /* confirm@2x.png in Resources */ = {isa = PBXBuildFile; fileRef = FFB9CFB61C23E50B00EE83EE /* confirm@2x.png */; };
		FFB9CFBA1C23E50B00EE83EE /* confirm@3x.png in Resources */ = {isa = PBXBuildFile; fileRef = FFB9CFB71C23E50B00EE83EE /* confirm@3x.png */; };
		FFB9CFC41C23E52300EE83EE /* line@1x.png in Resources */ = {isa = PBXBuildFile; fileRef = FFB9CFC11C23E52300EE83EE /* line@1x.png */; };
		FFB9CFC51C23E52300EE83EE /* line@2x.png in Resources */ = {isa = PBXBuildFile; fileRef = FFB9CFC21C23E52300EE83EE /* line@2x.png */; };
		FFB9CFC61C23E52300EE83EE /* line@3x.png in Resources */ = {isa = PBXBuildFile; fileRef = FFB9CFC31C23E52300EE83EE /* line@3x.png */; };
		FFB9CFCA1C23E55C00EE83EE /* grid@1x.png in Resources */ = {isa = PBXBuildFile; fileRef = FFB9CFC71C23E55C00EE83EE /* grid@1x.png */; };
		FFB9CFCB1C23E55C00EE83EE /* grid@2x.png in Resources */ = {isa = PBXBuildFile; fileRef = FFB9CFC81C23E55C00EE83EE /* grid@2x.png */; };
		FFB9CFCC1C23E55C00EE83EE /* grid@3x.png in Resources */ = {isa = PBXBuildFile; fileRef = FFB9CFC91C23E55C00EE83EE /* grid@3x.png */; };
		FFB9CFD01C23E56900EE83EE /* menu@1x.png in Resources */ = {isa = PBXBuildFile; fileRef = FFB9CFCD1C23E56900EE83EE /* menu@1x.png */; };
		FFB9CFD11C23E56900EE83EE /* menu@2x.png in Resources */ = {isa = PBXBuildFile; fileRef = FFB9CFCE1C23E56900EE83EE /* menu@2x.png */; };
		FFB9CFD21C23E56900EE83EE /* menu@3x.png in Resources */ = {isa = PBXBuildFile; fileRef = FFB9CFCF1C23E56900EE83EE /* menu@3x.png */; };
		FFB9CFD61C23E57800EE83EE /* profile_genie@1x.png in Resources */ = {isa = PBXBuildFile; fileRef = FFB9CFD31C23E57800EE83EE /* profile_genie@1x.png */; };
		FFB9CFD71C23E57800EE83EE /* profile_genie@2x.png in Resources */ = {isa = PBXBuildFile; fileRef = FFB9CFD41C23E57800EE83EE /* profile_genie@2x.png */; };
		FFB9CFD81C23E57800EE83EE /* profile_genie@3x.png in Resources */ = {isa = PBXBuildFile; fileRef = FFB9CFD51C23E57800EE83EE /* profile_genie@3x.png */; };
		FFB9CFDC1C23E58A00EE83EE /* return_left@1x.png in Resources */ = {isa = PBXBuildFile; fileRef = FFB9CFD91C23E58A00EE83EE /* return_left@1x.png */; };
		FFB9CFDD1C23E58A00EE83EE /* return_left@2x.png in Resources */ = {isa = PBXBuildFile; fileRef = FFB9CFDA1C23E58A00EE83EE /* return_left@2x.png */; };
		FFB9CFDE1C23E58A00EE83EE /* return_left@3x.png in Resources */ = {isa = PBXBuildFile; fileRef = FFB9CFDB1C23E58A00EE83EE /* return_left@3x.png */; };
		FFB9CFE21C23E59900EE83EE /* return_right@1x.png in Resources */ = {isa = PBXBuildFile; fileRef = FFB9CFDF1C23E59900EE83EE /* return_right@1x.png */; };
		FFB9CFE31C23E59900EE83EE /* return_right@2x.png in Resources */ = {isa = PBXBuildFile; fileRef = FFB9CFE01C23E59900EE83EE /* return_right@2x.png */; };
		FFB9CFE41C23E59900EE83EE /* return_right@3x.png in Resources */ = {isa = PBXBuildFile; fileRef = FFB9CFE11C23E59900EE83EE /* return_right@3x.png */; };
		FFB9CFEE1C23E5DA00EE83EE /* resend@1x.png in Resources */ = {isa = PBXBuildFile; fileRef = FFB9CFEB1C23E5DA00EE83EE /* resend@1x.png */; };
		FFB9CFEF1C23E5DA00EE83EE /* resend@2x.png in Resources */ = {isa = PBXBuildFile; fileRef = FFB9CFEC1C23E5DA00EE83EE /* resend@2x.png */; };
		FFB9CFF01C23E5DA00EE83EE /* resend@3x.png in Resources */ = {isa = PBXBuildFile; fileRef = FFB9CFED1C23E5DA00EE83EE /* resend@3x.png */; };
		FFB9CFF41C23E5FF00EE83EE /* lamp@1x.png in Resources */ = {isa = PBXBuildFile; fileRef = FFB9CFF11C23E5FF00EE83EE /* lamp@1x.png */; };
		FFB9CFF51C23E5FF00EE83EE /* lamp@2x.png in Resources */ = {isa = PBXBuildFile; fileRef = FFB9CFF21C23E5FF00EE83EE /* lamp@2x.png */; };
		FFB9CFF61C23E5FF00EE83EE /* lamp@3x.png in Resources */ = {isa = PBXBuildFile; fileRef = FFB9CFF31C23E5FF00EE83EE /* lamp@3x.png */; };
		FFC398141C1E640000CDEB87 /* OrdersViewController.swift in Sources */ = {isa = PBXBuildFile; fileRef = FFC398131C1E640000CDEB87 /* OrdersViewController.swift */; };
		FFC398161C1E642300CDEB87 /* DiscoverViewController.swift in Sources */ = {isa = PBXBuildFile; fileRef = FFC398151C1E642300CDEB87 /* DiscoverViewController.swift */; };
		FFC398181C1E69C200CDEB87 /* OrderCell.swift in Sources */ = {isa = PBXBuildFile; fileRef = FFC398171C1E69C200CDEB87 /* OrderCell.swift */; };
		FFC3981A1C1E744300CDEB87 /* Order.swift in Sources */ = {isa = PBXBuildFile; fileRef = FFC398191C1E744300CDEB87 /* Order.swift */; };
		FFD72DA71B8C7AA5006BC039 /* HomeViewController.swift in Sources */ = {isa = PBXBuildFile; fileRef = FFD72DA61B8C7AA5006BC039 /* HomeViewController.swift */; };
		FFE54ED81C26EC66004E7C9A /* next@1x.png in Resources */ = {isa = PBXBuildFile; fileRef = FFE54ED51C26EC66004E7C9A /* next@1x.png */; };
		FFE54ED91C26EC66004E7C9A /* next@2x.png in Resources */ = {isa = PBXBuildFile; fileRef = FFE54ED61C26EC66004E7C9A /* next@2x.png */; };
		FFE54EDA1C26EC66004E7C9A /* next@3x.png in Resources */ = {isa = PBXBuildFile; fileRef = FFE54ED71C26EC66004E7C9A /* next@3x.png */; };
		FFE54EDE1C26ECB6004E7C9A /* verify@1x.png in Resources */ = {isa = PBXBuildFile; fileRef = FFE54EDB1C26ECB6004E7C9A /* verify@1x.png */; };
		FFE54EDF1C26ECB6004E7C9A /* verify@2x.png in Resources */ = {isa = PBXBuildFile; fileRef = FFE54EDC1C26ECB6004E7C9A /* verify@2x.png */; };
		FFE54EE01C26ECB6004E7C9A /* verify@3x.png in Resources */ = {isa = PBXBuildFile; fileRef = FFE54EDD1C26ECB6004E7C9A /* verify@3x.png */; };
/* End PBXBuildFile section */

/* Begin PBXContainerItemProxy section */
		BA1C97831C26EBC200016DB5 /* PBXContainerItemProxy */ = {
			isa = PBXContainerItemProxy;
			containerPortal = BA1C977D1C26EBC200016DB5 /* VerifyIosSdk.xcodeproj */;
			proxyType = 2;
			remoteGlobalIDString = 2ABA3AB91B6166A800EB4842;
			remoteInfo = VerifyIosSdk;
		};
		BA1C97851C26EBC200016DB5 /* PBXContainerItemProxy */ = {
			isa = PBXContainerItemProxy;
			containerPortal = BA1C977D1C26EBC200016DB5 /* VerifyIosSdk.xcodeproj */;
			proxyType = 2;
			remoteGlobalIDString = 2A6B60761B67A04B005378E0;
			remoteInfo = RequestSigning;
		};
		BA1C97871C26EBC200016DB5 /* PBXContainerItemProxy */ = {
			isa = PBXContainerItemProxy;
			containerPortal = BA1C977D1C26EBC200016DB5 /* VerifyIosSdk.xcodeproj */;
			proxyType = 2;
			remoteGlobalIDString = 2A6B60981B67A078005378E0;
			remoteInfo = DeviceProperties;
		};
		BA1C978B1C26EBCF00016DB5 /* PBXContainerItemProxy */ = {
			isa = PBXContainerItemProxy;
			containerPortal = BA1C977D1C26EBC200016DB5 /* VerifyIosSdk.xcodeproj */;
			proxyType = 1;
			remoteGlobalIDString = 2ABA3AB81B6166A800EB4842;
			remoteInfo = VerifyIosSdk;
		};
		BA1C978F1C26EBCF00016DB5 /* PBXContainerItemProxy */ = {
			isa = PBXContainerItemProxy;
			containerPortal = BA1C977D1C26EBC200016DB5 /* VerifyIosSdk.xcodeproj */;
			proxyType = 1;
			remoteGlobalIDString = 2A6B60751B67A04B005378E0;
			remoteInfo = RequestSigning;
		};
		BA1C97931C26EBCF00016DB5 /* PBXContainerItemProxy */ = {
			isa = PBXContainerItemProxy;
			containerPortal = BA1C977D1C26EBC200016DB5 /* VerifyIosSdk.xcodeproj */;
			proxyType = 1;
			remoteGlobalIDString = 2A6B60971B67A078005378E0;
			remoteInfo = DeviceProperties;
		};
		FF01A70E1B8980E800F54273 /* PBXContainerItemProxy */ = {
			isa = PBXContainerItemProxy;
			containerPortal = FF01A6EE1B8980E800F54273 /* Project object */;
			proxyType = 1;
			remoteGlobalIDString = FF01A6F51B8980E800F54273;
			remoteInfo = Genie;
		};
		FF01A7191B8980E800F54273 /* PBXContainerItemProxy */ = {
			isa = PBXContainerItemProxy;
			containerPortal = FF01A6EE1B8980E800F54273 /* Project object */;
			proxyType = 1;
			remoteGlobalIDString = FF01A6F51B8980E800F54273;
			remoteInfo = Genie;
		};
/* End PBXContainerItemProxy section */

/* Begin PBXCopyFilesBuildPhase section */
		FF5DD53E1BA5B0FC0003BB76 /* Embed Frameworks */ = {
			isa = PBXCopyFilesBuildPhase;
			buildActionMask = 2147483647;
			dstPath = "";
			dstSubfolderSpec = 10;
			files = (
				BA1C978E1C26EBCF00016DB5 /* RequestSigning.framework in Embed Frameworks */,
				BA1C978A1C26EBCF00016DB5 /* VerifyIosSdk.framework in Embed Frameworks */,
				BA1C97921C26EBCF00016DB5 /* DeviceProperties.framework in Embed Frameworks */,
			);
			name = "Embed Frameworks";
			runOnlyForDeploymentPostprocessing = 0;
		};
/* End PBXCopyFilesBuildPhase section */

/* Begin PBXFileReference section */
		5C83FE27D46A28758CEC6503 /* Pods.debug.xcconfig */ = {isa = PBXFileReference; includeInIndex = 1; lastKnownFileType = text.xcconfig; name = Pods.debug.xcconfig; path = "Pods/Target Support Files/Pods/Pods.debug.xcconfig"; sourceTree = "<group>"; };
		74043735D10AA6FA685FEFA9 /* Pods.framework */ = {isa = PBXFileReference; explicitFileType = wrapper.framework; includeInIndex = 0; path = Pods.framework; sourceTree = BUILT_PRODUCTS_DIR; };
		A96BCBFDE22A0A2035A3A7A3 /* Pods.release.xcconfig */ = {isa = PBXFileReference; includeInIndex = 1; lastKnownFileType = text.xcconfig; name = Pods.release.xcconfig; path = "Pods/Target Support Files/Pods/Pods.release.xcconfig"; sourceTree = "<group>"; };
		BA1C97781C26D85500016DB5 /* WishesViewController.swift */ = {isa = PBXFileReference; fileEncoding = 4; lastKnownFileType = sourcecode.swift; path = WishesViewController.swift; sourceTree = "<group>"; };
		BA1C977A1C26DB1000016DB5 /* WishesCell.swift */ = {isa = PBXFileReference; fileEncoding = 4; lastKnownFileType = sourcecode.swift; path = WishesCell.swift; sourceTree = "<group>"; };
		BA1C977D1C26EBC200016DB5 /* VerifyIosSdk.xcodeproj */ = {isa = PBXFileReference; lastKnownFileType = "wrapper.pb-project"; name = VerifyIosSdk.xcodeproj; path = "../../../Downloads/verify-ios-sdk/VerifyIosSdk.xcodeproj"; sourceTree = "<group>"; };
		BA27962E1C19D773000C31C1 /* EZSwipeController.swift */ = {isa = PBXFileReference; fileEncoding = 4; lastKnownFileType = sourcecode.swift; path = EZSwipeController.swift; sourceTree = "<group>"; };
		BA2796301C19D7BC000C31C1 /* MySwipeVC.swift */ = {isa = PBXFileReference; fileEncoding = 4; lastKnownFileType = sourcecode.swift; path = MySwipeVC.swift; sourceTree = "<group>"; };
		BA2796351C1A0AD1000C31C1 /* ProfileViewController.swift */ = {isa = PBXFileReference; fileEncoding = 4; lastKnownFileType = sourcecode.swift; path = ProfileViewController.swift; sourceTree = "<group>"; };
		BADD306C1C25531400C587E6 /* ImageViewer.swift */ = {isa = PBXFileReference; fileEncoding = 4; lastKnownFileType = sourcecode.swift; path = ImageViewer.swift; sourceTree = "<group>"; };
		FF01A6F61B8980E800F54273 /* Genie.app */ = {isa = PBXFileReference; explicitFileType = wrapper.application; includeInIndex = 0; path = Genie.app; sourceTree = BUILT_PRODUCTS_DIR; };
		FF01A6F91B8980E800F54273 /* AppDelegate.swift */ = {isa = PBXFileReference; lastKnownFileType = sourcecode.swift; path = AppDelegate.swift; sourceTree = "<group>"; };
		FF01A7011B8980E800F54273 /* Genie.xcdatamodel */ = {isa = PBXFileReference; lastKnownFileType = wrapper.xcdatamodel; path = Genie.xcdatamodel; sourceTree = "<group>"; };
		FF01A7031B8980E800F54273 /* Assets.xcassets */ = {isa = PBXFileReference; lastKnownFileType = folder.assetcatalog; path = Assets.xcassets; sourceTree = "<group>"; };
		FF01A7061B8980E800F54273 /* Base */ = {isa = PBXFileReference; lastKnownFileType = file.storyboard; name = Base; path = Base.lproj/LaunchScreen.storyboard; sourceTree = "<group>"; };
		FF01A7081B8980E800F54273 /* Info.plist */ = {isa = PBXFileReference; lastKnownFileType = text.plist.xml; path = Info.plist; sourceTree = "<group>"; };
		FF01A70D1B8980E800F54273 /* GenieTests.xctest */ = {isa = PBXFileReference; explicitFileType = wrapper.cfbundle; includeInIndex = 0; path = GenieTests.xctest; sourceTree = BUILT_PRODUCTS_DIR; };
		FF01A7111B8980E800F54273 /* GenieTests.swift */ = {isa = PBXFileReference; lastKnownFileType = sourcecode.swift; path = GenieTests.swift; sourceTree = "<group>"; };
		FF01A7131B8980E800F54273 /* Info.plist */ = {isa = PBXFileReference; lastKnownFileType = text.plist.xml; path = Info.plist; sourceTree = "<group>"; };
		FF01A7181B8980E800F54273 /* GenieUITests.xctest */ = {isa = PBXFileReference; explicitFileType = wrapper.cfbundle; includeInIndex = 0; path = GenieUITests.xctest; sourceTree = BUILT_PRODUCTS_DIR; };
		FF01A71C1B8980E800F54273 /* GenieUITests.swift */ = {isa = PBXFileReference; lastKnownFileType = sourcecode.swift; path = GenieUITests.swift; sourceTree = "<group>"; };
		FF01A71E1B8980E800F54273 /* Info.plist */ = {isa = PBXFileReference; lastKnownFileType = text.plist.xml; path = Info.plist; sourceTree = "<group>"; };
		FF1C4FE71C24F9110095FB27 /* booking@1x.png */ = {isa = PBXFileReference; lastKnownFileType = image.png; path = "booking@1x.png"; sourceTree = "<group>"; };
		FF1C4FE81C24F9110095FB27 /* booking@2x.png */ = {isa = PBXFileReference; lastKnownFileType = image.png; path = "booking@2x.png"; sourceTree = "<group>"; };
		FF1C4FE91C24F9110095FB27 /* booking@3x.png */ = {isa = PBXFileReference; lastKnownFileType = image.png; path = "booking@3x.png"; sourceTree = "<group>"; };
		FF1C4FEA1C24F9110095FB27 /* food@1x.png */ = {isa = PBXFileReference; lastKnownFileType = image.png; path = "food@1x.png"; sourceTree = "<group>"; };
		FF1C4FEB1C24F9110095FB27 /* food@2x.png */ = {isa = PBXFileReference; lastKnownFileType = image.png; path = "food@2x.png"; sourceTree = "<group>"; };
		FF1C4FEC1C24F9110095FB27 /* food@3x.png */ = {isa = PBXFileReference; lastKnownFileType = image.png; path = "food@3x.png"; sourceTree = "<group>"; };
		FF1C4FED1C24F9110095FB27 /* health@1x.png */ = {isa = PBXFileReference; lastKnownFileType = image.png; path = "health@1x.png"; sourceTree = "<group>"; };
		FF1C4FEE1C24F9110095FB27 /* health@2x.png */ = {isa = PBXFileReference; lastKnownFileType = image.png; path = "health@2x.png"; sourceTree = "<group>"; };
		FF1C4FEF1C24F9110095FB27 /* health@3x.png */ = {isa = PBXFileReference; lastKnownFileType = image.png; path = "health@3x.png"; sourceTree = "<group>"; };
		FF1C500B1C24FBCA0095FB27 /* signin@1x.png */ = {isa = PBXFileReference; lastKnownFileType = image.png; path = "signin@1x.png"; sourceTree = "<group>"; };
		FF1C500C1C24FBCA0095FB27 /* signin@2x.png */ = {isa = PBXFileReference; lastKnownFileType = image.png; path = "signin@2x.png"; sourceTree = "<group>"; };
		FF1C500D1C24FBCA0095FB27 /* signin@3x.png */ = {isa = PBXFileReference; lastKnownFileType = image.png; path = "signin@3x.png"; sourceTree = "<group>"; };
		FF1C500E1C24FBCA0095FB27 /* signup@1x.png */ = {isa = PBXFileReference; lastKnownFileType = image.png; path = "signup@1x.png"; sourceTree = "<group>"; };
		FF1C500F1C24FBCA0095FB27 /* signup@2x.png */ = {isa = PBXFileReference; lastKnownFileType = image.png; path = "signup@2x.png"; sourceTree = "<group>"; };
		FF1C50101C24FBCA0095FB27 /* signup@3x.png */ = {isa = PBXFileReference; lastKnownFileType = image.png; path = "signup@3x.png"; sourceTree = "<group>"; };
		FF1C50171C24FFFC0095FB27 /* cancel@1x.png */ = {isa = PBXFileReference; lastKnownFileType = image.png; path = "cancel@1x.png"; sourceTree = "<group>"; };
		FF1C50181C24FFFC0095FB27 /* cancel@2x.png */ = {isa = PBXFileReference; lastKnownFileType = image.png; path = "cancel@2x.png"; sourceTree = "<group>"; };
		FF1C50191C24FFFC0095FB27 /* cancel@3x.png */ = {isa = PBXFileReference; lastKnownFileType = image.png; path = "cancel@3x.png"; sourceTree = "<group>"; };
		FF33146D1B8A52E4008B1B9E /* SF-UI-Display-Black.otf */ = {isa = PBXFileReference; lastKnownFileType = file; path = "SF-UI-Display-Black.otf"; sourceTree = "<group>"; };
		FF33146E1B8A52E4008B1B9E /* SF-UI-Display-Bold.otf */ = {isa = PBXFileReference; lastKnownFileType = file; path = "SF-UI-Display-Bold.otf"; sourceTree = "<group>"; };
		FF33146F1B8A52E4008B1B9E /* SF-UI-Display-Heavy.otf */ = {isa = PBXFileReference; lastKnownFileType = file; path = "SF-UI-Display-Heavy.otf"; sourceTree = "<group>"; };
		FF3314701B8A52E4008B1B9E /* SF-UI-Display-Light.otf */ = {isa = PBXFileReference; lastKnownFileType = file; path = "SF-UI-Display-Light.otf"; sourceTree = "<group>"; };
		FF3314711B8A52E4008B1B9E /* SF-UI-Display-Medium.otf */ = {isa = PBXFileReference; lastKnownFileType = file; path = "SF-UI-Display-Medium.otf"; sourceTree = "<group>"; };
		FF3314721B8A52E4008B1B9E /* SF-UI-Display-Regular.otf */ = {isa = PBXFileReference; lastKnownFileType = file; path = "SF-UI-Display-Regular.otf"; sourceTree = "<group>"; };
		FF3314731B8A52E4008B1B9E /* SF-UI-Display-Semibold.otf */ = {isa = PBXFileReference; lastKnownFileType = file; path = "SF-UI-Display-Semibold.otf"; sourceTree = "<group>"; };
		FF3314741B8A52E4008B1B9E /* SF-UI-Display-Thin.otf */ = {isa = PBXFileReference; lastKnownFileType = file; path = "SF-UI-Display-Thin.otf"; sourceTree = "<group>"; };
		FF3314751B8A52E4008B1B9E /* SF-UI-Display-Ultralight.otf */ = {isa = PBXFileReference; lastKnownFileType = file; path = "SF-UI-Display-Ultralight.otf"; sourceTree = "<group>"; };
		FF3314761B8A52E4008B1B9E /* SF-UI-Text-Bold.otf */ = {isa = PBXFileReference; lastKnownFileType = file; path = "SF-UI-Text-Bold.otf"; sourceTree = "<group>"; };
		FF3314771B8A52E4008B1B9E /* SF-UI-Text-BoldItalic.otf */ = {isa = PBXFileReference; lastKnownFileType = file; path = "SF-UI-Text-BoldItalic.otf"; sourceTree = "<group>"; };
		FF3314781B8A52E4008B1B9E /* SF-UI-Text-Heavy.otf */ = {isa = PBXFileReference; lastKnownFileType = file; path = "SF-UI-Text-Heavy.otf"; sourceTree = "<group>"; };
		FF3314791B8A52E4008B1B9E /* SF-UI-Text-HeavyItalic.otf */ = {isa = PBXFileReference; lastKnownFileType = file; path = "SF-UI-Text-HeavyItalic.otf"; sourceTree = "<group>"; };
		FF33147A1B8A52E4008B1B9E /* SF-UI-Text-Light.otf */ = {isa = PBXFileReference; lastKnownFileType = file; path = "SF-UI-Text-Light.otf"; sourceTree = "<group>"; };
		FF33147B1B8A52E4008B1B9E /* SF-UI-Text-LightItalic.otf */ = {isa = PBXFileReference; lastKnownFileType = file; path = "SF-UI-Text-LightItalic.otf"; sourceTree = "<group>"; };
		FF33147C1B8A52E4008B1B9E /* SF-UI-Text-Medium.otf */ = {isa = PBXFileReference; lastKnownFileType = file; path = "SF-UI-Text-Medium.otf"; sourceTree = "<group>"; };
		FF33147D1B8A52E4008B1B9E /* SF-UI-Text-MediumItalic.otf */ = {isa = PBXFileReference; lastKnownFileType = file; path = "SF-UI-Text-MediumItalic.otf"; sourceTree = "<group>"; };
		FF33147E1B8A52E4008B1B9E /* SF-UI-Text-Regular.otf */ = {isa = PBXFileReference; lastKnownFileType = file; path = "SF-UI-Text-Regular.otf"; sourceTree = "<group>"; };
		FF33147F1B8A52E4008B1B9E /* SF-UI-Text-RegularItalic.otf */ = {isa = PBXFileReference; lastKnownFileType = file; path = "SF-UI-Text-RegularItalic.otf"; sourceTree = "<group>"; };
		FF3314801B8A52E4008B1B9E /* SF-UI-Text-Semibold.otf */ = {isa = PBXFileReference; lastKnownFileType = file; path = "SF-UI-Text-Semibold.otf"; sourceTree = "<group>"; };
		FF3314811B8A52E4008B1B9E /* SF-UI-Text-SemiboldItalic.otf */ = {isa = PBXFileReference; lastKnownFileType = file; path = "SF-UI-Text-SemiboldItalic.otf"; sourceTree = "<group>"; };
		FF65769E1C1BDAE9008F077B /* EntryViewController.swift */ = {isa = PBXFileReference; fileEncoding = 4; lastKnownFileType = sourcecode.swift; path = EntryViewController.swift; sourceTree = "<group>"; };
		FF68B7A41BA50BF7002E699C /* MobileViewController.swift */ = {isa = PBXFileReference; fileEncoding = 4; lastKnownFileType = sourcecode.swift; path = MobileViewController.swift; sourceTree = "<group>"; };
		FF68B9321BA53038002E699C /* CFNetwork.framework */ = {isa = PBXFileReference; lastKnownFileType = wrapper.framework; name = CFNetwork.framework; path = System/Library/Frameworks/CFNetwork.framework; sourceTree = SDKROOT; };
		FF68B9331BA53038002E699C /* CoreData.framework */ = {isa = PBXFileReference; lastKnownFileType = wrapper.framework; name = CoreData.framework; path = System/Library/Frameworks/CoreData.framework; sourceTree = SDKROOT; };
		FF68B9341BA53038002E699C /* MobileCoreServices.framework */ = {isa = PBXFileReference; lastKnownFileType = wrapper.framework; name = MobileCoreServices.framework; path = System/Library/Frameworks/MobileCoreServices.framework; sourceTree = SDKROOT; };
		FF68B9351BA53038002E699C /* Security.framework */ = {isa = PBXFileReference; lastKnownFileType = wrapper.framework; name = Security.framework; path = System/Library/Frameworks/Security.framework; sourceTree = SDKROOT; };
		FF68B9361BA53038002E699C /* SystemConfiguration.framework */ = {isa = PBXFileReference; lastKnownFileType = wrapper.framework; name = SystemConfiguration.framework; path = System/Library/Frameworks/SystemConfiguration.framework; sourceTree = SDKROOT; };
		FF68B9E71BA5370C002E699C /* Foundation.framework */ = {isa = PBXFileReference; lastKnownFileType = wrapper.framework; name = Foundation.framework; path = System/Library/Frameworks/Foundation.framework; sourceTree = SDKROOT; };
		FF8EAADD1B8D576700EE1396 /* Genie-Bridging-Header.h */ = {isa = PBXFileReference; lastKnownFileType = sourcecode.c.h; path = "Genie-Bridging-Header.h"; sourceTree = "<group>"; };
		FF8EAAE01B8D580E00EE1396 /* Message.swift */ = {isa = PBXFileReference; fileEncoding = 4; lastKnownFileType = sourcecode.swift; path = Message.swift; sourceTree = "<group>"; };
		FF8EAAE21B8D752200EE1396 /* Main.storyboard */ = {isa = PBXFileReference; fileEncoding = 4; lastKnownFileType = file.storyboard; path = Main.storyboard; sourceTree = "<group>"; };
		FF91FEC61C2525EF00FEEE1F /* down@1x.png */ = {isa = PBXFileReference; lastKnownFileType = image.png; path = "down@1x.png"; sourceTree = "<group>"; };
		FF91FEC71C2525EF00FEEE1F /* down@2x.png */ = {isa = PBXFileReference; lastKnownFileType = image.png; path = "down@2x.png"; sourceTree = "<group>"; };
		FF91FEC81C2525EF00FEEE1F /* down@3x.png */ = {isa = PBXFileReference; lastKnownFileType = image.png; path = "down@3x.png"; sourceTree = "<group>"; };
		FF91FF091C258AC700FEEE1F /* white_cancel@1x.png */ = {isa = PBXFileReference; lastKnownFileType = image.png; path = "white_cancel@1x.png"; sourceTree = "<group>"; };
		FF91FF0A1C258AC700FEEE1F /* white_cancel@2x.png */ = {isa = PBXFileReference; lastKnownFileType = image.png; path = "white_cancel@2x.png"; sourceTree = "<group>"; };
		FF91FF0B1C258AC700FEEE1F /* white_cancel@3x.png */ = {isa = PBXFileReference; lastKnownFileType = image.png; path = "white_cancel@3x.png"; sourceTree = "<group>"; };
		FF91FF161C259B3600FEEE1F /* circle@1x.png */ = {isa = PBXFileReference; lastKnownFileType = image.png; path = "circle@1x.png"; sourceTree = "<group>"; };
		FF91FF171C259B3600FEEE1F /* circle@2x.png */ = {isa = PBXFileReference; lastKnownFileType = image.png; path = "circle@2x.png"; sourceTree = "<group>"; };
		FF91FF181C259B3600FEEE1F /* circle@3x.png */ = {isa = PBXFileReference; lastKnownFileType = image.png; path = "circle@3x.png"; sourceTree = "<group>"; };
		FF91FF221C26D4FC00FEEE1F /* home@1x.png */ = {isa = PBXFileReference; lastKnownFileType = image.png; path = "home@1x.png"; sourceTree = "<group>"; };
		FF91FF231C26D4FC00FEEE1F /* home@2x.png */ = {isa = PBXFileReference; lastKnownFileType = image.png; path = "home@2x.png"; sourceTree = "<group>"; };
		FF91FF241C26D4FC00FEEE1F /* home@3x.png */ = {isa = PBXFileReference; lastKnownFileType = image.png; path = "home@3x.png"; sourceTree = "<group>"; };
		FF91FF2E1C26D50B00FEEE1F /* shopping@1x.png */ = {isa = PBXFileReference; lastKnownFileType = image.png; path = "shopping@1x.png"; sourceTree = "<group>"; };
		FF91FF2F1C26D50B00FEEE1F /* shopping@2x.png */ = {isa = PBXFileReference; lastKnownFileType = image.png; path = "shopping@2x.png"; sourceTree = "<group>"; };
		FF91FF301C26D50B00FEEE1F /* shopping@3x.png */ = {isa = PBXFileReference; lastKnownFileType = image.png; path = "shopping@3x.png"; sourceTree = "<group>"; };
		FF91FF341C26D54400FEEE1F /* recharge@1x.png */ = {isa = PBXFileReference; lastKnownFileType = image.png; path = "recharge@1x.png"; sourceTree = "<group>"; };
		FF91FF351C26D54400FEEE1F /* recharge@2x.png */ = {isa = PBXFileReference; lastKnownFileType = image.png; path = "recharge@2x.png"; sourceTree = "<group>"; };
		FF91FF361C26D54400FEEE1F /* recharge@3x.png */ = {isa = PBXFileReference; lastKnownFileType = image.png; path = "recharge@3x.png"; sourceTree = "<group>"; };
		FF9F75EA1B8C062E008CAAD6 /* SignInViewController.swift */ = {isa = PBXFileReference; fileEncoding = 4; lastKnownFileType = sourcecode.swift; path = SignInViewController.swift; sourceTree = "<group>"; };
		FFAFBEBF1B8BB7DE008D2A2F /* RegisterViewController.swift */ = {isa = PBXFileReference; fileEncoding = 4; lastKnownFileType = sourcecode.swift; path = RegisterViewController.swift; sourceTree = "<group>"; };
		FFB9CFA31C23E4CF00EE83EE /* genie@1x.png */ = {isa = PBXFileReference; lastKnownFileType = image.png; path = "genie@1x.png"; sourceTree = "<group>"; };
		FFB9CFA41C23E4CF00EE83EE /* genie@2x.png */ = {isa = PBXFileReference; lastKnownFileType = image.png; path = "genie@2x.png"; sourceTree = "<group>"; };
		FFB9CFA51C23E4CF00EE83EE /* genie@3x.png */ = {isa = PBXFileReference; lastKnownFileType = image.png; path = "genie@3x.png"; sourceTree = "<group>"; };
		FFB9CFB51C23E50B00EE83EE /* confirm@1x.png */ = {isa = PBXFileReference; lastKnownFileType = image.png; path = "confirm@1x.png"; sourceTree = "<group>"; };
		FFB9CFB61C23E50B00EE83EE /* confirm@2x.png */ = {isa = PBXFileReference; lastKnownFileType = image.png; path = "confirm@2x.png"; sourceTree = "<group>"; };
		FFB9CFB71C23E50B00EE83EE /* confirm@3x.png */ = {isa = PBXFileReference; lastKnownFileType = image.png; path = "confirm@3x.png"; sourceTree = "<group>"; };
		FFB9CFC11C23E52300EE83EE /* line@1x.png */ = {isa = PBXFileReference; lastKnownFileType = image.png; path = "line@1x.png"; sourceTree = "<group>"; };
		FFB9CFC21C23E52300EE83EE /* line@2x.png */ = {isa = PBXFileReference; lastKnownFileType = image.png; path = "line@2x.png"; sourceTree = "<group>"; };
		FFB9CFC31C23E52300EE83EE /* line@3x.png */ = {isa = PBXFileReference; lastKnownFileType = image.png; path = "line@3x.png"; sourceTree = "<group>"; };
		FFB9CFC71C23E55C00EE83EE /* grid@1x.png */ = {isa = PBXFileReference; lastKnownFileType = image.png; path = "grid@1x.png"; sourceTree = "<group>"; };
		FFB9CFC81C23E55C00EE83EE /* grid@2x.png */ = {isa = PBXFileReference; lastKnownFileType = image.png; path = "grid@2x.png"; sourceTree = "<group>"; };
		FFB9CFC91C23E55C00EE83EE /* grid@3x.png */ = {isa = PBXFileReference; lastKnownFileType = image.png; path = "grid@3x.png"; sourceTree = "<group>"; };
		FFB9CFCD1C23E56900EE83EE /* menu@1x.png */ = {isa = PBXFileReference; lastKnownFileType = image.png; path = "menu@1x.png"; sourceTree = "<group>"; };
		FFB9CFCE1C23E56900EE83EE /* menu@2x.png */ = {isa = PBXFileReference; lastKnownFileType = image.png; path = "menu@2x.png"; sourceTree = "<group>"; };
		FFB9CFCF1C23E56900EE83EE /* menu@3x.png */ = {isa = PBXFileReference; lastKnownFileType = image.png; path = "menu@3x.png"; sourceTree = "<group>"; };
		FFB9CFD31C23E57800EE83EE /* profile_genie@1x.png */ = {isa = PBXFileReference; lastKnownFileType = image.png; path = "profile_genie@1x.png"; sourceTree = "<group>"; };
		FFB9CFD41C23E57800EE83EE /* profile_genie@2x.png */ = {isa = PBXFileReference; lastKnownFileType = image.png; path = "profile_genie@2x.png"; sourceTree = "<group>"; };
		FFB9CFD51C23E57800EE83EE /* profile_genie@3x.png */ = {isa = PBXFileReference; lastKnownFileType = image.png; path = "profile_genie@3x.png"; sourceTree = "<group>"; };
		FFB9CFD91C23E58A00EE83EE /* return_left@1x.png */ = {isa = PBXFileReference; lastKnownFileType = image.png; path = "return_left@1x.png"; sourceTree = "<group>"; };
		FFB9CFDA1C23E58A00EE83EE /* return_left@2x.png */ = {isa = PBXFileReference; lastKnownFileType = image.png; path = "return_left@2x.png"; sourceTree = "<group>"; };
		FFB9CFDB1C23E58A00EE83EE /* return_left@3x.png */ = {isa = PBXFileReference; lastKnownFileType = image.png; path = "return_left@3x.png"; sourceTree = "<group>"; };
		FFB9CFDF1C23E59900EE83EE /* return_right@1x.png */ = {isa = PBXFileReference; lastKnownFileType = image.png; path = "return_right@1x.png"; sourceTree = "<group>"; };
		FFB9CFE01C23E59900EE83EE /* return_right@2x.png */ = {isa = PBXFileReference; lastKnownFileType = image.png; path = "return_right@2x.png"; sourceTree = "<group>"; };
		FFB9CFE11C23E59900EE83EE /* return_right@3x.png */ = {isa = PBXFileReference; lastKnownFileType = image.png; path = "return_right@3x.png"; sourceTree = "<group>"; };
		FFB9CFEB1C23E5DA00EE83EE /* resend@1x.png */ = {isa = PBXFileReference; lastKnownFileType = image.png; path = "resend@1x.png"; sourceTree = "<group>"; };
		FFB9CFEC1C23E5DA00EE83EE /* resend@2x.png */ = {isa = PBXFileReference; lastKnownFileType = image.png; path = "resend@2x.png"; sourceTree = "<group>"; };
		FFB9CFED1C23E5DA00EE83EE /* resend@3x.png */ = {isa = PBXFileReference; lastKnownFileType = image.png; path = "resend@3x.png"; sourceTree = "<group>"; };
		FFB9CFF11C23E5FF00EE83EE /* lamp@1x.png */ = {isa = PBXFileReference; lastKnownFileType = image.png; path = "lamp@1x.png"; sourceTree = "<group>"; };
		FFB9CFF21C23E5FF00EE83EE /* lamp@2x.png */ = {isa = PBXFileReference; lastKnownFileType = image.png; path = "lamp@2x.png"; sourceTree = "<group>"; };
		FFB9CFF31C23E5FF00EE83EE /* lamp@3x.png */ = {isa = PBXFileReference; lastKnownFileType = image.png; path = "lamp@3x.png"; sourceTree = "<group>"; };
		FFC398131C1E640000CDEB87 /* OrdersViewController.swift */ = {isa = PBXFileReference; fileEncoding = 4; lastKnownFileType = sourcecode.swift; path = OrdersViewController.swift; sourceTree = "<group>"; };
		FFC398151C1E642300CDEB87 /* DiscoverViewController.swift */ = {isa = PBXFileReference; fileEncoding = 4; lastKnownFileType = sourcecode.swift; path = DiscoverViewController.swift; sourceTree = "<group>"; };
		FFC398171C1E69C200CDEB87 /* OrderCell.swift */ = {isa = PBXFileReference; fileEncoding = 4; lastKnownFileType = sourcecode.swift; path = OrderCell.swift; sourceTree = "<group>"; };
		FFC398191C1E744300CDEB87 /* Order.swift */ = {isa = PBXFileReference; fileEncoding = 4; lastKnownFileType = sourcecode.swift; path = Order.swift; sourceTree = "<group>"; };
		FFD72DA61B8C7AA5006BC039 /* HomeViewController.swift */ = {isa = PBXFileReference; fileEncoding = 4; lastKnownFileType = sourcecode.swift; path = HomeViewController.swift; sourceTree = "<group>"; };
		FFE54ED51C26EC66004E7C9A /* next@1x.png */ = {isa = PBXFileReference; lastKnownFileType = image.png; path = "next@1x.png"; sourceTree = "<group>"; };
		FFE54ED61C26EC66004E7C9A /* next@2x.png */ = {isa = PBXFileReference; lastKnownFileType = image.png; path = "next@2x.png"; sourceTree = "<group>"; };
		FFE54ED71C26EC66004E7C9A /* next@3x.png */ = {isa = PBXFileReference; lastKnownFileType = image.png; path = "next@3x.png"; sourceTree = "<group>"; };
		FFE54EDB1C26ECB6004E7C9A /* verify@1x.png */ = {isa = PBXFileReference; lastKnownFileType = image.png; path = "verify@1x.png"; sourceTree = "<group>"; };
		FFE54EDC1C26ECB6004E7C9A /* verify@2x.png */ = {isa = PBXFileReference; lastKnownFileType = image.png; path = "verify@2x.png"; sourceTree = "<group>"; };
		FFE54EDD1C26ECB6004E7C9A /* verify@3x.png */ = {isa = PBXFileReference; lastKnownFileType = image.png; path = "verify@3x.png"; sourceTree = "<group>"; };
/* End PBXFileReference section */

/* Begin PBXFrameworksBuildPhase section */
		FF01A6F31B8980E800F54273 /* Frameworks */ = {
			isa = PBXFrameworksBuildPhase;
			buildActionMask = 2147483647;
			files = (
				BA1C97891C26EBCF00016DB5 /* VerifyIosSdk.framework in Frameworks */,
				BA1C978D1C26EBCF00016DB5 /* RequestSigning.framework in Frameworks */,
				ACBF36ECF20473CBC6C31204 /* Pods.framework in Frameworks */,
				BA1C97911C26EBCF00016DB5 /* DeviceProperties.framework in Frameworks */,
			);
			runOnlyForDeploymentPostprocessing = 0;
		};
		FF01A70A1B8980E800F54273 /* Frameworks */ = {
			isa = PBXFrameworksBuildPhase;
			buildActionMask = 2147483647;
			files = (
			);
			runOnlyForDeploymentPostprocessing = 0;
		};
		FF01A7151B8980E800F54273 /* Frameworks */ = {
			isa = PBXFrameworksBuildPhase;
			buildActionMask = 2147483647;
			files = (
			);
			runOnlyForDeploymentPostprocessing = 0;
		};
/* End PBXFrameworksBuildPhase section */

/* Begin PBXGroup section */
		059D3B5AEAE51A5D1745576A /* Frameworks */ = {
			isa = PBXGroup;
			children = (
				FF68B9E71BA5370C002E699C /* Foundation.framework */,
				FF68B9321BA53038002E699C /* CFNetwork.framework */,
				FF68B9331BA53038002E699C /* CoreData.framework */,
				FF68B9341BA53038002E699C /* MobileCoreServices.framework */,
				FF68B9351BA53038002E699C /* Security.framework */,
				FF68B9361BA53038002E699C /* SystemConfiguration.framework */,
				74043735D10AA6FA685FEFA9 /* Pods.framework */,
			);
			name = Frameworks;
			sourceTree = "<group>";
		};
		BA1C977E1C26EBC200016DB5 /* Products */ = {
			isa = PBXGroup;
			children = (
				BA1C97841C26EBC200016DB5 /* VerifyIosSdk.framework */,
				BA1C97861C26EBC200016DB5 /* RequestSigning.framework */,
				BA1C97881C26EBC200016DB5 /* DeviceProperties.framework */,
			);
			name = Products;
			sourceTree = "<group>";
		};
		BA2796321C19D7CB000C31C1 /* Swipe */ = {
			isa = PBXGroup;
			children = (
				BA27962E1C19D773000C31C1 /* EZSwipeController.swift */,
				BA2796301C19D7BC000C31C1 /* MySwipeVC.swift */,
			);
			name = Swipe;
			sourceTree = "<group>";
		};
		BF439D6AC8FB6A4ED03D136D /* Pods */ = {
			isa = PBXGroup;
			children = (
				5C83FE27D46A28758CEC6503 /* Pods.debug.xcconfig */,
				A96BCBFDE22A0A2035A3A7A3 /* Pods.release.xcconfig */,
			);
			name = Pods;
			sourceTree = "<group>";
		};
		FF01A6ED1B8980E800F54273 = {
			isa = PBXGroup;
			children = (
				BA1C977D1C26EBC200016DB5 /* VerifyIosSdk.xcodeproj */,
				FF01A6F81B8980E800F54273 /* Genie */,
				FF01A7101B8980E800F54273 /* GenieTests */,
				FF01A71B1B8980E800F54273 /* GenieUITests */,
				FF01A6F71B8980E800F54273 /* Products */,
				BF439D6AC8FB6A4ED03D136D /* Pods */,
				059D3B5AEAE51A5D1745576A /* Frameworks */,
			);
			sourceTree = "<group>";
		};
		FF01A6F71B8980E800F54273 /* Products */ = {
			isa = PBXGroup;
			children = (
				FF01A6F61B8980E800F54273 /* Genie.app */,
				FF01A70D1B8980E800F54273 /* GenieTests.xctest */,
				FF01A7181B8980E800F54273 /* GenieUITests.xctest */,
			);
			name = Products;
			sourceTree = "<group>";
		};
		FF01A6F81B8980E800F54273 /* Genie */ = {
			isa = PBXGroup;
			children = (
				FF8EAADD1B8D576700EE1396 /* Genie-Bridging-Header.h */,
				FF01A7081B8980E800F54273 /* Info.plist */,
				FF8EAAE21B8D752200EE1396 /* Main.storyboard */,
				FF01A6F91B8980E800F54273 /* AppDelegate.swift */,
				FFC398151C1E642300CDEB87 /* DiscoverViewController.swift */,
				FF65769E1C1BDAE9008F077B /* EntryViewController.swift */,
				FFD72DA61B8C7AA5006BC039 /* HomeViewController.swift */,
				BADD306C1C25531400C587E6 /* ImageViewer.swift */,
				FF8EAAE01B8D580E00EE1396 /* Message.swift */,
				FF68B7A41BA50BF7002E699C /* MobileViewController.swift */,
				FFC398191C1E744300CDEB87 /* Order.swift */,
				FFC398171C1E69C200CDEB87 /* OrderCell.swift */,
				FFC398131C1E640000CDEB87 /* OrdersViewController.swift */,
				BA2796351C1A0AD1000C31C1 /* ProfileViewController.swift */,
				FFAFBEBF1B8BB7DE008D2A2F /* RegisterViewController.swift */,
				FF9F75EA1B8C062E008CAAD6 /* SignInViewController.swift */,
				BA1C977A1C26DB1000016DB5 /* WishesCell.swift */,
				BA1C97781C26D85500016DB5 /* WishesViewController.swift */,
				FF01A7031B8980E800F54273 /* Assets.xcassets */,
				FF01A7001B8980E800F54273 /* Genie.xcdatamodeld */,
				FF01A7051B8980E800F54273 /* LaunchScreen.storyboard */,
				FF3314681B8A51E2008B1B9E /* Resources */,
				BA2796321C19D7CB000C31C1 /* Swipe */,
			);
			path = Genie;
			sourceTree = "<group>";
		};
		FF01A7101B8980E800F54273 /* GenieTests */ = {
			isa = PBXGroup;
			children = (
				FF01A7111B8980E800F54273 /* GenieTests.swift */,
				FF01A7131B8980E800F54273 /* Info.plist */,
			);
			path = GenieTests;
			sourceTree = "<group>";
		};
		FF01A71B1B8980E800F54273 /* GenieUITests */ = {
			isa = PBXGroup;
			children = (
				FF01A71C1B8980E800F54273 /* GenieUITests.swift */,
				FF01A71E1B8980E800F54273 /* Info.plist */,
			);
			path = GenieUITests;
			sourceTree = "<group>";
		};
		FF3314681B8A51E2008B1B9E /* Resources */ = {
			isa = PBXGroup;
			children = (
				FFAFBEC21B8BBE5B008D2A2F /* Images */,
				FFAFBEC11B8BBE45008D2A2F /* Fonts */,
			);
			name = Resources;
			sourceTree = "<group>";
		};
		FFAFBEC11B8BBE45008D2A2F /* Fonts */ = {
			isa = PBXGroup;
			children = (
				FF33146D1B8A52E4008B1B9E /* SF-UI-Display-Black.otf */,
				FF33146E1B8A52E4008B1B9E /* SF-UI-Display-Bold.otf */,
				FF33146F1B8A52E4008B1B9E /* SF-UI-Display-Heavy.otf */,
				FF3314701B8A52E4008B1B9E /* SF-UI-Display-Light.otf */,
				FF3314711B8A52E4008B1B9E /* SF-UI-Display-Medium.otf */,
				FF3314721B8A52E4008B1B9E /* SF-UI-Display-Regular.otf */,
				FF3314731B8A52E4008B1B9E /* SF-UI-Display-Semibold.otf */,
				FF3314741B8A52E4008B1B9E /* SF-UI-Display-Thin.otf */,
				FF3314751B8A52E4008B1B9E /* SF-UI-Display-Ultralight.otf */,
				FF3314761B8A52E4008B1B9E /* SF-UI-Text-Bold.otf */,
				FF3314771B8A52E4008B1B9E /* SF-UI-Text-BoldItalic.otf */,
				FF3314781B8A52E4008B1B9E /* SF-UI-Text-Heavy.otf */,
				FF3314791B8A52E4008B1B9E /* SF-UI-Text-HeavyItalic.otf */,
				FF33147A1B8A52E4008B1B9E /* SF-UI-Text-Light.otf */,
				FF33147B1B8A52E4008B1B9E /* SF-UI-Text-LightItalic.otf */,
				FF33147C1B8A52E4008B1B9E /* SF-UI-Text-Medium.otf */,
				FF33147D1B8A52E4008B1B9E /* SF-UI-Text-MediumItalic.otf */,
				FF33147E1B8A52E4008B1B9E /* SF-UI-Text-Regular.otf */,
				FF33147F1B8A52E4008B1B9E /* SF-UI-Text-RegularItalic.otf */,
				FF3314801B8A52E4008B1B9E /* SF-UI-Text-Semibold.otf */,
				FF3314811B8A52E4008B1B9E /* SF-UI-Text-SemiboldItalic.otf */,
			);
			name = Fonts;
			sourceTree = "<group>";
		};
		FFAFBEC21B8BBE5B008D2A2F /* Images */ = {
			isa = PBXGroup;
			children = (
				FFB9CFA31C23E4CF00EE83EE /* genie@1x.png */,
				FFB9CFA41C23E4CF00EE83EE /* genie@2x.png */,
				FFB9CFA51C23E4CF00EE83EE /* genie@3x.png */,
				FF1C500B1C24FBCA0095FB27 /* signin@1x.png */,
				FF1C500C1C24FBCA0095FB27 /* signin@2x.png */,
				FF1C500D1C24FBCA0095FB27 /* signin@3x.png */,
				FF1C500E1C24FBCA0095FB27 /* signup@1x.png */,
				FF1C500F1C24FBCA0095FB27 /* signup@2x.png */,
				FF1C50101C24FBCA0095FB27 /* signup@3x.png */,
				FFB9CFB51C23E50B00EE83EE /* confirm@1x.png */,
				FFB9CFB61C23E50B00EE83EE /* confirm@2x.png */,
				FFB9CFB71C23E50B00EE83EE /* confirm@3x.png */,
				FF1C50171C24FFFC0095FB27 /* cancel@1x.png */,
				FF1C50181C24FFFC0095FB27 /* cancel@2x.png */,
				FF1C50191C24FFFC0095FB27 /* cancel@3x.png */,
				FFB9CFF11C23E5FF00EE83EE /* lamp@1x.png */,
				FFB9CFF21C23E5FF00EE83EE /* lamp@2x.png */,
				FFB9CFF31C23E5FF00EE83EE /* lamp@3x.png */,
				FFB9CFC11C23E52300EE83EE /* line@1x.png */,
				FFB9CFC21C23E52300EE83EE /* line@2x.png */,
				FFB9CFC31C23E52300EE83EE /* line@3x.png */,
				FFB9CFC71C23E55C00EE83EE /* grid@1x.png */,
				FFB9CFC81C23E55C00EE83EE /* grid@2x.png */,
				FFB9CFC91C23E55C00EE83EE /* grid@3x.png */,
				FFB9CFCD1C23E56900EE83EE /* menu@1x.png */,
				FFB9CFCE1C23E56900EE83EE /* menu@2x.png */,
				FFB9CFCF1C23E56900EE83EE /* menu@3x.png */,
				FFB9CFD31C23E57800EE83EE /* profile_genie@1x.png */,
				FFB9CFD41C23E57800EE83EE /* profile_genie@2x.png */,
				FFB9CFD51C23E57800EE83EE /* profile_genie@3x.png */,
				FFB9CFD91C23E58A00EE83EE /* return_left@1x.png */,
				FFB9CFDA1C23E58A00EE83EE /* return_left@2x.png */,
				FFB9CFDB1C23E58A00EE83EE /* return_left@3x.png */,
				FFB9CFDF1C23E59900EE83EE /* return_right@1x.png */,
				FFB9CFE01C23E59900EE83EE /* return_right@2x.png */,
				FFB9CFE11C23E59900EE83EE /* return_right@3x.png */,
				FF1C4FE71C24F9110095FB27 /* booking@1x.png */,
				FF1C4FE81C24F9110095FB27 /* booking@2x.png */,
				FF1C4FE91C24F9110095FB27 /* booking@3x.png */,
				FF1C4FEA1C24F9110095FB27 /* food@1x.png */,
				FF1C4FEB1C24F9110095FB27 /* food@2x.png */,
				FF1C4FEC1C24F9110095FB27 /* food@3x.png */,
				FF1C4FED1C24F9110095FB27 /* health@1x.png */,
				FF1C4FEE1C24F9110095FB27 /* health@2x.png */,
				FF1C4FEF1C24F9110095FB27 /* health@3x.png */,
				FF91FF221C26D4FC00FEEE1F /* home@1x.png */,
				FF91FF231C26D4FC00FEEE1F /* home@2x.png */,
				FF91FF341C26D54400FEEE1F /* recharge@1x.png */,
				FF91FF351C26D54400FEEE1F /* recharge@2x.png */,
				FF91FF361C26D54400FEEE1F /* recharge@3x.png */,
				FF91FF2E1C26D50B00FEEE1F /* shopping@1x.png */,
				FF91FF2F1C26D50B00FEEE1F /* shopping@2x.png */,
				FF91FF301C26D50B00FEEE1F /* shopping@3x.png */,
				FF91FF241C26D4FC00FEEE1F /* home@3x.png */,
				FF91FEC61C2525EF00FEEE1F /* down@1x.png */,
				FF91FEC71C2525EF00FEEE1F /* down@2x.png */,
				FF91FEC81C2525EF00FEEE1F /* down@3x.png */,
				FF91FF091C258AC700FEEE1F /* white_cancel@1x.png */,
				FF91FF0A1C258AC700FEEE1F /* white_cancel@2x.png */,
				FF91FF0B1C258AC700FEEE1F /* white_cancel@3x.png */,
				FF91FF161C259B3600FEEE1F /* circle@1x.png */,
				FF91FF171C259B3600FEEE1F /* circle@2x.png */,
				FF91FF181C259B3600FEEE1F /* circle@3x.png */,
				FF91FF521C26E11400FEEE1F /* expand@1x.png */,
				FF91FF531C26E11400FEEE1F /* expand@2x.png */,
				FF91FF541C26E11400FEEE1F /* expand@3x.png */,
				FFE54ED51C26EC66004E7C9A /* next@1x.png */,
				FFE54ED61C26EC66004E7C9A /* next@2x.png */,
				FFE54ED71C26EC66004E7C9A /* next@3x.png */,
				FFE54EDB1C26ECB6004E7C9A /* verify@1x.png */,
				FFE54EDC1C26ECB6004E7C9A /* verify@2x.png */,
				FFE54EDD1C26ECB6004E7C9A /* verify@3x.png */,

				FFB9CFEB1C23E5DA00EE83EE /* resend@1x.png */,
				FFB9CFEC1C23E5DA00EE83EE /* resend@2x.png */,
				FFB9CFED1C23E5DA00EE83EE /* resend@3x.png */,
			);
			name = Images;
			sourceTree = "<group>";
		};
/* End PBXGroup section */

/* Begin PBXNativeTarget section */
		FF01A6F51B8980E800F54273 /* Genie */ = {
			isa = PBXNativeTarget;
			buildConfigurationList = FF01A7211B8980E800F54273 /* Build configuration list for PBXNativeTarget "Genie" */;
			buildPhases = (
				DF78B3EDB537E01894609EC1 /* Check Pods Manifest.lock */,
				FF01A6F21B8980E800F54273 /* Sources */,
				FF01A6F31B8980E800F54273 /* Frameworks */,
				FF01A6F41B8980E800F54273 /* Resources */,
				D40B7CC3FB116469DC9C8D1D /* Copy Pods Resources */,
				A8785C59D14E5082DC5EF523 /* Embed Pods Frameworks */,
				FF5DD53E1BA5B0FC0003BB76 /* Embed Frameworks */,
			);
			buildRules = (
			);
			dependencies = (
				BA1C978C1C26EBCF00016DB5 /* PBXTargetDependency */,
				BA1C97901C26EBCF00016DB5 /* PBXTargetDependency */,
				BA1C97941C26EBCF00016DB5 /* PBXTargetDependency */,
			);
			name = Genie;
			productName = Genie;
			productReference = FF01A6F61B8980E800F54273 /* Genie.app */;
			productType = "com.apple.product-type.application";
		};
		FF01A70C1B8980E800F54273 /* GenieTests */ = {
			isa = PBXNativeTarget;
			buildConfigurationList = FF01A7241B8980E800F54273 /* Build configuration list for PBXNativeTarget "GenieTests" */;
			buildPhases = (
				FF01A7091B8980E800F54273 /* Sources */,
				FF01A70A1B8980E800F54273 /* Frameworks */,
				FF01A70B1B8980E800F54273 /* Resources */,
			);
			buildRules = (
			);
			dependencies = (
				FF01A70F1B8980E800F54273 /* PBXTargetDependency */,
			);
			name = GenieTests;
			productName = GenieTests;
			productReference = FF01A70D1B8980E800F54273 /* GenieTests.xctest */;
			productType = "com.apple.product-type.bundle.unit-test";
		};
		FF01A7171B8980E800F54273 /* GenieUITests */ = {
			isa = PBXNativeTarget;
			buildConfigurationList = FF01A7271B8980E800F54273 /* Build configuration list for PBXNativeTarget "GenieUITests" */;
			buildPhases = (
				FF01A7141B8980E800F54273 /* Sources */,
				FF01A7151B8980E800F54273 /* Frameworks */,
				FF01A7161B8980E800F54273 /* Resources */,
			);
			buildRules = (
			);
			dependencies = (
				FF01A71A1B8980E800F54273 /* PBXTargetDependency */,
			);
			name = GenieUITests;
			productName = GenieUITests;
			productReference = FF01A7181B8980E800F54273 /* GenieUITests.xctest */;
			productType = "com.apple.product-type.bundle.ui-testing";
		};
/* End PBXNativeTarget section */

/* Begin PBXProject section */
		FF01A6EE1B8980E800F54273 /* Project object */ = {
			isa = PBXProject;
			attributes = {
				LastSwiftMigration = 0710;
				LastSwiftUpdateCheck = 0700;
				LastUpgradeCheck = 0700;
				ORGANIZATIONNAME = genie;
				TargetAttributes = {
					FF01A6F51B8980E800F54273 = {
						CreatedOnToolsVersion = 7.0;
					};
					FF01A70C1B8980E800F54273 = {
						CreatedOnToolsVersion = 7.0;
						TestTargetID = FF01A6F51B8980E800F54273;
					};
					FF01A7171B8980E800F54273 = {
						CreatedOnToolsVersion = 7.0;
						TestTargetID = FF01A6F51B8980E800F54273;
					};
				};
			};
			buildConfigurationList = FF01A6F11B8980E800F54273 /* Build configuration list for PBXProject "Genie" */;
			compatibilityVersion = "Xcode 3.2";
			developmentRegion = English;
			hasScannedForEncodings = 0;
			knownRegions = (
				en,
				Base,
			);
			mainGroup = FF01A6ED1B8980E800F54273;
			productRefGroup = FF01A6F71B8980E800F54273 /* Products */;
			projectDirPath = "";
			projectReferences = (
				{
					ProductGroup = BA1C977E1C26EBC200016DB5 /* Products */;
					ProjectRef = BA1C977D1C26EBC200016DB5 /* VerifyIosSdk.xcodeproj */;
				},
			);
			projectRoot = "";
			targets = (
				FF01A6F51B8980E800F54273 /* Genie */,
				FF01A70C1B8980E800F54273 /* GenieTests */,
				FF01A7171B8980E800F54273 /* GenieUITests */,
			);
		};
/* End PBXProject section */

/* Begin PBXReferenceProxy section */
		BA1C97841C26EBC200016DB5 /* VerifyIosSdk.framework */ = {
			isa = PBXReferenceProxy;
			fileType = wrapper.framework;
			path = VerifyIosSdk.framework;
			remoteRef = BA1C97831C26EBC200016DB5 /* PBXContainerItemProxy */;
			sourceTree = BUILT_PRODUCTS_DIR;
		};
		BA1C97861C26EBC200016DB5 /* RequestSigning.framework */ = {
			isa = PBXReferenceProxy;
			fileType = wrapper.framework;
			path = RequestSigning.framework;
			remoteRef = BA1C97851C26EBC200016DB5 /* PBXContainerItemProxy */;
			sourceTree = BUILT_PRODUCTS_DIR;
		};
		BA1C97881C26EBC200016DB5 /* DeviceProperties.framework */ = {
			isa = PBXReferenceProxy;
			fileType = wrapper.framework;
			path = DeviceProperties.framework;
			remoteRef = BA1C97871C26EBC200016DB5 /* PBXContainerItemProxy */;
			sourceTree = BUILT_PRODUCTS_DIR;
		};
/* End PBXReferenceProxy section */

/* Begin PBXResourcesBuildPhase section */
		FF01A6F41B8980E800F54273 /* Resources */ = {
			isa = PBXResourcesBuildPhase;
			buildActionMask = 2147483647;
			files = (
				FF1C501B1C24FFFC0095FB27 /* cancel@2x.png in Resources */,
				FF1C4FFD1C24F9110095FB27 /* food@2x.png in Resources */,
				FFB9CFF01C23E5DA00EE83EE /* resend@3x.png in Resources */,
				FF91FF331C26D50B00FEEE1F /* shopping@3x.png in Resources */,
				FFB9CFC61C23E52300EE83EE /* line@3x.png in Resources */,
				FF91FECA1C2525EF00FEEE1F /* down@2x.png in Resources */,
				FF91FECB1C2525EF00FEEE1F /* down@3x.png in Resources */,
				FFB9CFDD1C23E58A00EE83EE /* return_left@2x.png in Resources */,
				FFE54EDA1C26EC66004E7C9A /* next@3x.png in Resources */,
				FFB9CFCC1C23E55C00EE83EE /* grid@3x.png in Resources */,
				FF1C50141C24FBCA0095FB27 /* signup@1x.png in Resources */,
				FF91FF1A1C259B3600FEEE1F /* circle@2x.png in Resources */,
				FF3314951B8A5309008B1B9E /* SF-UI-Text-Semibold.otf in Resources */,
				FF91FF371C26D54400FEEE1F /* recharge@1x.png in Resources */,
				FFB9CFEE1C23E5DA00EE83EE /* resend@1x.png in Resources */,
				FF3314821B8A52FB008B1B9E /* SF-UI-Display-Black.otf in Resources */,
				FF1C50131C24FBCA0095FB27 /* signin@3x.png in Resources */,
				FF3314921B8A5309008B1B9E /* SF-UI-Text-MediumItalic.otf in Resources */,
				FFB9CFDC1C23E58A00EE83EE /* return_left@1x.png in Resources */,
				FF1C50161C24FBCA0095FB27 /* signup@3x.png in Resources */,
				FFB9CFE21C23E59900EE83EE /* return_right@1x.png in Resources */,
				FF1C50121C24FBCA0095FB27 /* signin@2x.png in Resources */,
				FF91FEC91C2525EF00FEEE1F /* down@1x.png in Resources */,
				FF1C50151C24FBCA0095FB27 /* signup@2x.png in Resources */,
				FFB9CFF61C23E5FF00EE83EE /* lamp@3x.png in Resources */,
				FF91FF0D1C258AC700FEEE1F /* white_cancel@2x.png in Resources */,
				FF1C4FFE1C24F9110095FB27 /* food@3x.png in Resources */,
				FF91FF391C26D54400FEEE1F /* recharge@3x.png in Resources */,
				FF1C4FFB1C24F9110095FB27 /* booking@3x.png in Resources */,
				FFB9CFDE1C23E58A00EE83EE /* return_left@3x.png in Resources */,
				FF1C4FFC1C24F9110095FB27 /* food@1x.png in Resources */,
				FF3314871B8A5309008B1B9E /* SF-UI-Display-Regular.otf in Resources */,
				FF91FF381C26D54400FEEE1F /* recharge@2x.png in Resources */,
				FFB9CFA81C23E4CF00EE83EE /* genie@3x.png in Resources */,
				FF91FF1B1C259B3600FEEE1F /* circle@3x.png in Resources */,
				FFB9CFD21C23E56900EE83EE /* menu@3x.png in Resources */,
				FF1C4FF91C24F9110095FB27 /* booking@1x.png in Resources */,
				FFB9CFF41C23E5FF00EE83EE /* lamp@1x.png in Resources */,
				FFB9CFD71C23E57800EE83EE /* profile_genie@2x.png in Resources */,
				FFB9CFE41C23E59900EE83EE /* return_right@3x.png in Resources */,
				FF3314851B8A5304008B1B9E /* SF-UI-Display-Light.otf in Resources */,
				FFE54EDE1C26ECB6004E7C9A /* verify@1x.png in Resources */,
				FF33148A1B8A5309008B1B9E /* SF-UI-Display-Ultralight.otf in Resources */,
				FF1C4FFF1C24F9110095FB27 /* health@1x.png in Resources */,
				FF1C50001C24F9110095FB27 /* health@2x.png in Resources */,
				FFB9CFB81C23E50B00EE83EE /* confirm@1x.png in Resources */,
				FFB9CFD11C23E56900EE83EE /* menu@2x.png in Resources */,
				FFE54ED81C26EC66004E7C9A /* next@1x.png in Resources */,
				FF1C4FFA1C24F9110095FB27 /* booking@2x.png in Resources */,
				FF3314891B8A5309008B1B9E /* SF-UI-Display-Thin.otf in Resources */,
				FFB9CFBA1C23E50B00EE83EE /* confirm@3x.png in Resources */,
				FF91FF321C26D50B00FEEE1F /* shopping@2x.png in Resources */,
				FFE54EE01C26ECB6004E7C9A /* verify@3x.png in Resources */,
				FF1C501A1C24FFFC0095FB27 /* cancel@1x.png in Resources */,
				FFB9CFCB1C23E55C00EE83EE /* grid@2x.png in Resources */,
				FFB9CFCA1C23E55C00EE83EE /* grid@1x.png in Resources */,
				FF3314861B8A5309008B1B9E /* SF-UI-Display-Medium.otf in Resources */,
				FF91FF251C26D4FC00FEEE1F /* home@1x.png in Resources */,
				FF01A7071B8980E800F54273 /* LaunchScreen.storyboard in Resources */,
				FF3314911B8A5309008B1B9E /* SF-UI-Text-Medium.otf in Resources */,
				FF1C50011C24F9110095FB27 /* health@3x.png in Resources */,
				FF33148B1B8A5309008B1B9E /* SF-UI-Text-Bold.otf in Resources */,
				FFB9CFA61C23E4CF00EE83EE /* genie@1x.png in Resources */,
				FFB9CFD01C23E56900EE83EE /* menu@1x.png in Resources */,
				FF01A7041B8980E800F54273 /* Assets.xcassets in Resources */,
				FF91FF261C26D4FC00FEEE1F /* home@2x.png in Resources */,
				FF3314831B8A52FE008B1B9E /* SF-UI-Display-Bold.otf in Resources */,
				FF33148D1B8A5309008B1B9E /* SF-UI-Text-Heavy.otf in Resources */,
				FF3314941B8A5309008B1B9E /* SF-UI-Text-RegularItalic.otf in Resources */,
				FF1C501C1C24FFFC0095FB27 /* cancel@3x.png in Resources */,
				FF3314931B8A5309008B1B9E /* SF-UI-Text-Regular.otf in Resources */,
				FF91FF271C26D4FC00FEEE1F /* home@3x.png in Resources */,
				FFB9CFC51C23E52300EE83EE /* line@2x.png in Resources */,
				FF3314961B8A5309008B1B9E /* SF-UI-Text-SemiboldItalic.otf in Resources */,
				FFB9CFC41C23E52300EE83EE /* line@1x.png in Resources */,
				FF91FF0E1C258AC700FEEE1F /* white_cancel@3x.png in Resources */,
				FF91FF0C1C258AC700FEEE1F /* white_cancel@1x.png in Resources */,
				FFE54EDF1C26ECB6004E7C9A /* verify@2x.png in Resources */,
				FFB9CFD81C23E57800EE83EE /* profile_genie@3x.png in Resources */,
				FFB9CFD61C23E57800EE83EE /* profile_genie@1x.png in Resources */,
				FF3314841B8A5302008B1B9E /* SF-UI-Display-Heavy.otf in Resources */,
				FFB9CFA71C23E4CF00EE83EE /* genie@2x.png in Resources */,
				FF1C50111C24FBCA0095FB27 /* signin@1x.png in Resources */,
				FF33148E1B8A5309008B1B9E /* SF-UI-Text-HeavyItalic.otf in Resources */,
				FFB9CFEF1C23E5DA00EE83EE /* resend@2x.png in Resources */,
				FF33148C1B8A5309008B1B9E /* SF-UI-Text-BoldItalic.otf in Resources */,
				FF8EAAE31B8D752200EE1396 /* Main.storyboard in Resources */,
				FFB9CFE31C23E59900EE83EE /* return_right@2x.png in Resources */,
				FF3314901B8A5309008B1B9E /* SF-UI-Text-LightItalic.otf in Resources */,
				FFB9CFB91C23E50B00EE83EE /* confirm@2x.png in Resources */,
				FFE54ED91C26EC66004E7C9A /* next@2x.png in Resources */,
				FF91FF191C259B3600FEEE1F /* circle@1x.png in Resources */,
				FF91FF311C26D50B00FEEE1F /* shopping@1x.png in Resources */,
				FFB9CFF51C23E5FF00EE83EE /* lamp@2x.png in Resources */,
				FF33148F1B8A5309008B1B9E /* SF-UI-Text-Light.otf in Resources */,
				FF3314881B8A5309008B1B9E /* SF-UI-Display-Semibold.otf in Resources */,
			);
			runOnlyForDeploymentPostprocessing = 0;
		};
		FF01A70B1B8980E800F54273 /* Resources */ = {
			isa = PBXResourcesBuildPhase;
			buildActionMask = 2147483647;
			files = (
			);
			runOnlyForDeploymentPostprocessing = 0;
		};
		FF01A7161B8980E800F54273 /* Resources */ = {
			isa = PBXResourcesBuildPhase;
			buildActionMask = 2147483647;
			files = (
			);
			runOnlyForDeploymentPostprocessing = 0;
		};
/* End PBXResourcesBuildPhase section */

/* Begin PBXShellScriptBuildPhase section */
		A8785C59D14E5082DC5EF523 /* Embed Pods Frameworks */ = {
			isa = PBXShellScriptBuildPhase;
			buildActionMask = 2147483647;
			files = (
			);
			inputPaths = (
			);
			name = "Embed Pods Frameworks";
			outputPaths = (
			);
			runOnlyForDeploymentPostprocessing = 0;
			shellPath = /bin/sh;
			shellScript = "\"${SRCROOT}/Pods/Target Support Files/Pods/Pods-frameworks.sh\"\n";
			showEnvVarsInLog = 0;
		};
		D40B7CC3FB116469DC9C8D1D /* Copy Pods Resources */ = {
			isa = PBXShellScriptBuildPhase;
			buildActionMask = 2147483647;
			files = (
			);
			inputPaths = (
			);
			name = "Copy Pods Resources";
			outputPaths = (
			);
			runOnlyForDeploymentPostprocessing = 0;
			shellPath = /bin/sh;
			shellScript = "\"${SRCROOT}/Pods/Target Support Files/Pods/Pods-resources.sh\"\n";
			showEnvVarsInLog = 0;
		};
		DF78B3EDB537E01894609EC1 /* Check Pods Manifest.lock */ = {
			isa = PBXShellScriptBuildPhase;
			buildActionMask = 2147483647;
			files = (
			);
			inputPaths = (
			);
			name = "Check Pods Manifest.lock";
			outputPaths = (
			);
			runOnlyForDeploymentPostprocessing = 0;
			shellPath = /bin/sh;
			shellScript = "diff \"${PODS_ROOT}/../Podfile.lock\" \"${PODS_ROOT}/Manifest.lock\" > /dev/null\nif [[ $? != 0 ]] ; then\n    cat << EOM\nerror: The sandbox is not in sync with the Podfile.lock. Run 'pod install' or update your CocoaPods installation.\nEOM\n    exit 1\nfi\n";
			showEnvVarsInLog = 0;
		};
/* End PBXShellScriptBuildPhase section */

/* Begin PBXSourcesBuildPhase section */
		FF01A6F21B8980E800F54273 /* Sources */ = {
			isa = PBXSourcesBuildPhase;
			buildActionMask = 2147483647;
			files = (
				FF01A7021B8980E800F54273 /* Genie.xcdatamodeld in Sources */,
				BADD306D1C25531400C587E6 /* ImageViewer.swift in Sources */,
				BA2796311C19D7BC000C31C1 /* MySwipeVC.swift in Sources */,
				FFC398181C1E69C200CDEB87 /* OrderCell.swift in Sources */,
				FF01A6FA1B8980E800F54273 /* AppDelegate.swift in Sources */,
				FF9F75EB1B8C062E008CAAD6 /* SignInViewController.swift in Sources */,
				BA1C977B1C26DB1000016DB5 /* WishesCell.swift in Sources */,
				FF65769F1C1BDAE9008F077B /* EntryViewController.swift in Sources */,
				FFC398161C1E642300CDEB87 /* DiscoverViewController.swift in Sources */,
				BA27962F1C19D773000C31C1 /* EZSwipeController.swift in Sources */,
				FFAFBEC01B8BB7DE008D2A2F /* RegisterViewController.swift in Sources */,
				FFC398141C1E640000CDEB87 /* OrdersViewController.swift in Sources */,
				FFD72DA71B8C7AA5006BC039 /* HomeViewController.swift in Sources */,
				FF68B7A51BA50BF7002E699C /* MobileViewController.swift in Sources */,
				BA1C97791C26D85500016DB5 /* WishesViewController.swift in Sources */,
				FFC3981A1C1E744300CDEB87 /* Order.swift in Sources */,
				BA2796361C1A0AD1000C31C1 /* ProfileViewController.swift in Sources */,
				FF8EAAE11B8D580E00EE1396 /* Message.swift in Sources */,
			);
			runOnlyForDeploymentPostprocessing = 0;
		};
		FF01A7091B8980E800F54273 /* Sources */ = {
			isa = PBXSourcesBuildPhase;
			buildActionMask = 2147483647;
			files = (
				FF01A7121B8980E800F54273 /* GenieTests.swift in Sources */,
			);
			runOnlyForDeploymentPostprocessing = 0;
		};
		FF01A7141B8980E800F54273 /* Sources */ = {
			isa = PBXSourcesBuildPhase;
			buildActionMask = 2147483647;
			files = (
				FF01A71D1B8980E800F54273 /* GenieUITests.swift in Sources */,
			);
			runOnlyForDeploymentPostprocessing = 0;
		};
/* End PBXSourcesBuildPhase section */

/* Begin PBXTargetDependency section */
		BA1C978C1C26EBCF00016DB5 /* PBXTargetDependency */ = {
			isa = PBXTargetDependency;
			name = VerifyIosSdk;
			targetProxy = BA1C978B1C26EBCF00016DB5 /* PBXContainerItemProxy */;
		};
		BA1C97901C26EBCF00016DB5 /* PBXTargetDependency */ = {
			isa = PBXTargetDependency;
			name = RequestSigning;
			targetProxy = BA1C978F1C26EBCF00016DB5 /* PBXContainerItemProxy */;
		};
		BA1C97941C26EBCF00016DB5 /* PBXTargetDependency */ = {
			isa = PBXTargetDependency;
			name = DeviceProperties;
			targetProxy = BA1C97931C26EBCF00016DB5 /* PBXContainerItemProxy */;
		};
		FF01A70F1B8980E800F54273 /* PBXTargetDependency */ = {
			isa = PBXTargetDependency;
			target = FF01A6F51B8980E800F54273 /* Genie */;
			targetProxy = FF01A70E1B8980E800F54273 /* PBXContainerItemProxy */;
		};
		FF01A71A1B8980E800F54273 /* PBXTargetDependency */ = {
			isa = PBXTargetDependency;
			target = FF01A6F51B8980E800F54273 /* Genie */;
			targetProxy = FF01A7191B8980E800F54273 /* PBXContainerItemProxy */;
		};
/* End PBXTargetDependency section */

/* Begin PBXVariantGroup section */
		FF01A7051B8980E800F54273 /* LaunchScreen.storyboard */ = {
			isa = PBXVariantGroup;
			children = (
				FF01A7061B8980E800F54273 /* Base */,
			);
			name = LaunchScreen.storyboard;
			sourceTree = "<group>";
		};
/* End PBXVariantGroup section */

/* Begin XCBuildConfiguration section */
		FF01A71F1B8980E800F54273 /* Debug */ = {
			isa = XCBuildConfiguration;
			buildSettings = {
				ALWAYS_SEARCH_USER_PATHS = NO;
				CLANG_CXX_LANGUAGE_STANDARD = "gnu++0x";
				CLANG_CXX_LIBRARY = "libc++";
				CLANG_ENABLE_MODULES = YES;
				CLANG_ENABLE_OBJC_ARC = YES;
				CLANG_WARN_BOOL_CONVERSION = YES;
				CLANG_WARN_CONSTANT_CONVERSION = YES;
				CLANG_WARN_DIRECT_OBJC_ISA_USAGE = YES_ERROR;
				CLANG_WARN_EMPTY_BODY = YES;
				CLANG_WARN_ENUM_CONVERSION = YES;
				CLANG_WARN_INT_CONVERSION = YES;
				CLANG_WARN_OBJC_ROOT_CLASS = YES_ERROR;
				CLANG_WARN_UNREACHABLE_CODE = YES;
				CLANG_WARN__DUPLICATE_METHOD_MATCH = YES;
				"CODE_SIGN_IDENTITY[sdk=iphoneos*]" = "iPhone Developer";
				COPY_PHASE_STRIP = NO;
				DEBUG_INFORMATION_FORMAT = dwarf;
				ENABLE_STRICT_OBJC_MSGSEND = YES;
				ENABLE_TESTABILITY = YES;
				GCC_C_LANGUAGE_STANDARD = gnu99;
				GCC_DYNAMIC_NO_PIC = NO;
				GCC_NO_COMMON_BLOCKS = YES;
				GCC_OPTIMIZATION_LEVEL = 0;
				GCC_PREPROCESSOR_DEFINITIONS = (
					"DEBUG=1",
					"$(inherited)",
				);
				GCC_WARN_64_TO_32_BIT_CONVERSION = YES;
				GCC_WARN_ABOUT_RETURN_TYPE = YES_ERROR;
				GCC_WARN_UNDECLARED_SELECTOR = YES;
				GCC_WARN_UNINITIALIZED_AUTOS = YES_AGGRESSIVE;
				GCC_WARN_UNUSED_FUNCTION = YES;
				GCC_WARN_UNUSED_VARIABLE = YES;
				IPHONEOS_DEPLOYMENT_TARGET = 9.0;
				MTL_ENABLE_DEBUG_INFO = YES;
				ONLY_ACTIVE_ARCH = YES;
				SDKROOT = iphoneos;
				SWIFT_OPTIMIZATION_LEVEL = "-Onone";
				TARGETED_DEVICE_FAMILY = "1,2";
			};
			name = Debug;
		};
		FF01A7201B8980E800F54273 /* Release */ = {
			isa = XCBuildConfiguration;
			buildSettings = {
				ALWAYS_SEARCH_USER_PATHS = NO;
				CLANG_CXX_LANGUAGE_STANDARD = "gnu++0x";
				CLANG_CXX_LIBRARY = "libc++";
				CLANG_ENABLE_MODULES = YES;
				CLANG_ENABLE_OBJC_ARC = YES;
				CLANG_WARN_BOOL_CONVERSION = YES;
				CLANG_WARN_CONSTANT_CONVERSION = YES;
				CLANG_WARN_DIRECT_OBJC_ISA_USAGE = YES_ERROR;
				CLANG_WARN_EMPTY_BODY = YES;
				CLANG_WARN_ENUM_CONVERSION = YES;
				CLANG_WARN_INT_CONVERSION = YES;
				CLANG_WARN_OBJC_ROOT_CLASS = YES_ERROR;
				CLANG_WARN_UNREACHABLE_CODE = YES;
				CLANG_WARN__DUPLICATE_METHOD_MATCH = YES;
				"CODE_SIGN_IDENTITY[sdk=iphoneos*]" = "iPhone Developer";
				COPY_PHASE_STRIP = NO;
				DEBUG_INFORMATION_FORMAT = "dwarf-with-dsym";
				ENABLE_NS_ASSERTIONS = NO;
				ENABLE_STRICT_OBJC_MSGSEND = YES;
				GCC_C_LANGUAGE_STANDARD = gnu99;
				GCC_NO_COMMON_BLOCKS = YES;
				GCC_WARN_64_TO_32_BIT_CONVERSION = YES;
				GCC_WARN_ABOUT_RETURN_TYPE = YES_ERROR;
				GCC_WARN_UNDECLARED_SELECTOR = YES;
				GCC_WARN_UNINITIALIZED_AUTOS = YES_AGGRESSIVE;
				GCC_WARN_UNUSED_FUNCTION = YES;
				GCC_WARN_UNUSED_VARIABLE = YES;
				IPHONEOS_DEPLOYMENT_TARGET = 9.0;
				MTL_ENABLE_DEBUG_INFO = NO;
				ONLY_ACTIVE_ARCH = NO;
				SDKROOT = iphoneos;
				TARGETED_DEVICE_FAMILY = "1,2";
				VALIDATE_PRODUCT = YES;
			};
			name = Release;
		};
		FF01A7221B8980E800F54273 /* Debug */ = {
			isa = XCBuildConfiguration;
			baseConfigurationReference = 5C83FE27D46A28758CEC6503 /* Pods.debug.xcconfig */;
			buildSettings = {
				ASSETCATALOG_COMPILER_APPICON_NAME = AppIcon;
				CLANG_ENABLE_MODULES = YES;
				CODE_SIGN_IDENTITY = "iPhone Developer";
				"CODE_SIGN_IDENTITY[sdk=iphoneos*]" = "iPhone Developer";
				EMBEDDED_CONTENT_CONTAINS_SWIFT = YES;
				ENABLE_BITCODE = NO;
				FRAMEWORK_SEARCH_PATHS = "$(inherited)";
				INFOPLIST_FILE = Genie/Info.plist;
				IPHONEOS_DEPLOYMENT_TARGET = 8.0;
				LD_RUNPATH_SEARCH_PATHS = "$(inherited) @executable_path/Frameworks";
				ONLY_ACTIVE_ARCH = YES;
				PRODUCT_BUNDLE_IDENTIFIER = com.getgenie.Genie;
				PRODUCT_NAME = "$(TARGET_NAME)";
				PROVISIONING_PROFILE = "";
				SWIFT_OBJC_BRIDGING_HEADER = "Genie/Genie-Bridging-Header.h";
				SWIFT_OPTIMIZATION_LEVEL = "-Onone";
			};
			name = Debug;
		};
		FF01A7231B8980E800F54273 /* Release */ = {
			isa = XCBuildConfiguration;
			baseConfigurationReference = A96BCBFDE22A0A2035A3A7A3 /* Pods.release.xcconfig */;
			buildSettings = {
				ASSETCATALOG_COMPILER_APPICON_NAME = AppIcon;
				CLANG_ENABLE_MODULES = YES;
				CODE_SIGN_IDENTITY = "iPhone Developer";
				"CODE_SIGN_IDENTITY[sdk=iphoneos*]" = "iPhone Developer";
				EMBEDDED_CONTENT_CONTAINS_SWIFT = YES;
				ENABLE_BITCODE = NO;
				FRAMEWORK_SEARCH_PATHS = "$(inherited)";
				INFOPLIST_FILE = Genie/Info.plist;
				IPHONEOS_DEPLOYMENT_TARGET = 8.0;
				LD_RUNPATH_SEARCH_PATHS = "$(inherited) @executable_path/Frameworks";
				ONLY_ACTIVE_ARCH = NO;
				PRODUCT_BUNDLE_IDENTIFIER = com.getgenie.Genie;
				PRODUCT_NAME = "$(TARGET_NAME)";
				PROVISIONING_PROFILE = "";
				SWIFT_OBJC_BRIDGING_HEADER = "Genie/Genie-Bridging-Header.h";
			};
			name = Release;
		};
		FF01A7251B8980E800F54273 /* Debug */ = {
			isa = XCBuildConfiguration;
			buildSettings = {
				BUNDLE_LOADER = "$(TEST_HOST)";
				INFOPLIST_FILE = GenieTests/Info.plist;
				LD_RUNPATH_SEARCH_PATHS = "$(inherited) @executable_path/Frameworks @loader_path/Frameworks";
				PRODUCT_BUNDLE_IDENTIFIER = com.getgenie.GenieTests;
				PRODUCT_NAME = "$(TARGET_NAME)";
				TEST_HOST = "$(BUILT_PRODUCTS_DIR)/Genie.app/Genie";
			};
			name = Debug;
		};
		FF01A7261B8980E800F54273 /* Release */ = {
			isa = XCBuildConfiguration;
			buildSettings = {
				BUNDLE_LOADER = "$(TEST_HOST)";
				INFOPLIST_FILE = GenieTests/Info.plist;
				LD_RUNPATH_SEARCH_PATHS = "$(inherited) @executable_path/Frameworks @loader_path/Frameworks";
				PRODUCT_BUNDLE_IDENTIFIER = com.getgenie.GenieTests;
				PRODUCT_NAME = "$(TARGET_NAME)";
				TEST_HOST = "$(BUILT_PRODUCTS_DIR)/Genie.app/Genie";
			};
			name = Release;
		};
		FF01A7281B8980E800F54273 /* Debug */ = {
			isa = XCBuildConfiguration;
			buildSettings = {
				INFOPLIST_FILE = GenieUITests/Info.plist;
				LD_RUNPATH_SEARCH_PATHS = "$(inherited) @executable_path/Frameworks @loader_path/Frameworks";
				PRODUCT_BUNDLE_IDENTIFIER = com.getgenie.GenieUITests;
				PRODUCT_NAME = "$(TARGET_NAME)";
				TEST_TARGET_NAME = Genie;
				USES_XCTRUNNER = YES;
			};
			name = Debug;
		};
		FF01A7291B8980E800F54273 /* Release */ = {
			isa = XCBuildConfiguration;
			buildSettings = {
				INFOPLIST_FILE = GenieUITests/Info.plist;
				LD_RUNPATH_SEARCH_PATHS = "$(inherited) @executable_path/Frameworks @loader_path/Frameworks";
				PRODUCT_BUNDLE_IDENTIFIER = com.getgenie.GenieUITests;
				PRODUCT_NAME = "$(TARGET_NAME)";
				TEST_TARGET_NAME = Genie;
				USES_XCTRUNNER = YES;
			};
			name = Release;
		};
/* End XCBuildConfiguration section */

/* Begin XCConfigurationList section */
		FF01A6F11B8980E800F54273 /* Build configuration list for PBXProject "Genie" */ = {
			isa = XCConfigurationList;
			buildConfigurations = (
				FF01A71F1B8980E800F54273 /* Debug */,
				FF01A7201B8980E800F54273 /* Release */,
			);
			defaultConfigurationIsVisible = 0;
			defaultConfigurationName = Release;
		};
		FF01A7211B8980E800F54273 /* Build configuration list for PBXNativeTarget "Genie" */ = {
			isa = XCConfigurationList;
			buildConfigurations = (
				FF01A7221B8980E800F54273 /* Debug */,
				FF01A7231B8980E800F54273 /* Release */,
			);
			defaultConfigurationIsVisible = 0;
			defaultConfigurationName = Release;
		};
		FF01A7241B8980E800F54273 /* Build configuration list for PBXNativeTarget "GenieTests" */ = {
			isa = XCConfigurationList;
			buildConfigurations = (
				FF01A7251B8980E800F54273 /* Debug */,
				FF01A7261B8980E800F54273 /* Release */,
			);
			defaultConfigurationIsVisible = 0;
			defaultConfigurationName = Release;
		};
		FF01A7271B8980E800F54273 /* Build configuration list for PBXNativeTarget "GenieUITests" */ = {
			isa = XCConfigurationList;
			buildConfigurations = (
				FF01A7281B8980E800F54273 /* Debug */,
				FF01A7291B8980E800F54273 /* Release */,
			);
			defaultConfigurationIsVisible = 0;
			defaultConfigurationName = Release;
		};
/* End XCConfigurationList section */

/* Begin XCVersionGroup section */
		FF01A7001B8980E800F54273 /* Genie.xcdatamodeld */ = {
			isa = XCVersionGroup;
			children = (
				FF01A7011B8980E800F54273 /* Genie.xcdatamodel */,
			);
			currentVersion = FF01A7011B8980E800F54273 /* Genie.xcdatamodel */;
			path = Genie.xcdatamodeld;
			sourceTree = "<group>";
			versionGroupType = wrapper.xcdatamodel;
		};
/* End XCVersionGroup section */
	};
	rootObject = FF01A6EE1B8980E800F54273 /* Project object */;
}
